<?xml version="1.0" encoding="utf-8"?>
<Project ToolsVersion="4.0" xmlns="http://schemas.microsoft.com/developer/msbuild/2003">
  <ItemGroup>
    <Filter Include="Source Files">
      <UniqueIdentifier>{4FC737F1-C7A5-4376-A066-2A32D752A2FF}</UniqueIdentifier>
      <Extensions>cpp;c;cxx;def;odl;idl;hpj;bat;asm;asmx</Extensions>
    </Filter>
    <Filter Include="Header Files">
      <UniqueIdentifier>{93995380-89BD-4b04-88EB-625FBE52EBFB}</UniqueIdentifier>
      <Extensions>h;hpp;hxx;hm;inl;inc;xsd</Extensions>
    </Filter>
    <Filter Include="Resource Files">
      <UniqueIdentifier>{67DA6AB6-F800-4c08-8B7A-83BB121AAD01}</UniqueIdentifier>
      <Extensions>rc;ico;cur;bmp;dlg;rc2;rct;bin;rgs;gif;jpg;jpeg;jpe;resx</Extensions>
    </Filter>
  </ItemGroup>
  <ItemGroup>
    <ClCompile Include="AboutPropBandsPage.cpp">
      <Filter>Source Files</Filter>
    </ClCompile>
    <ClCompile Include="AboutPropGeneralPage.cpp">
      <Filter>Source Files</Filter>
    </ClCompile>
    <ClCompile Include="AboutPropLogPage.cpp">
      <Filter>Source Files</Filter>
    </ClCompile>
    <ClCompile Include="AboutPropMgmtOptionsPage.cpp">
      <Filter>Source Files</Filter>
    </ClCompile>
    <ClCompile Include="AboutPropMgmtPage.cpp">
      <Filter>Source Files</Filter>
    </ClCompile>
    <ClCompile Include="AboutPropModulePage.cpp">
      <Filter>Source Files</Filter>
    </ClCompile>
    <ClCompile Include="AboutPropRegistryPage.cpp">
      <Filter>Source Files</Filter>
    </ClCompile>
    <ClCompile Include="AboutPropSheet.cpp">
      <Filter>Source Files</Filter>
    </ClCompile>
    <ClCompile Include="AboutPropSonicPage.cpp">
      <Filter>Source Files</Filter>
    </ClCompile>
    <ClCompile Include="..\ifastgui\ConfigurationConstants.cpp">
      <Filter>Source Files</Filter>
    </ClCompile>
    <ClCompile Include="ControlTextRewriter.cpp">
      <Filter>Source Files</Filter>
    </ClCompile>
    <ClCompile Include="dllmain.cpp">
      <Filter>Source Files</Filter>
    </ClCompile>
    <ClCompile Include="ExceptionReport.cpp">
      <Filter>Source Files</Filter>
    </ClCompile>
    <ClCompile Include="ifsupp.cpp">
      <Filter>Source Files</Filter>
    </ClCompile>
    <ClCompile Include="ifsuppext.cpp">
      <Filter>Source Files</Filter>
    </ClCompile>
    <ClCompile Include="KeyTrapper.cpp">
      <Filter>Source Files</Filter>
    </ClCompile>
    <ClCompile Include="SonicConnectionTest.cpp">
      <Filter>Source Files</Filter>
    </ClCompile>
    <ClCompile Include="stdafx.cpp">
      <Filter>Source Files</Filter>
    </ClCompile>
    <ClCompile Include="UserActivity.cpp">
      <Filter>Source Files</Filter>
    </ClCompile>
    <ClCompile Include="TestConnectivity.cpp">
      <Filter>Source Files</Filter>
    </ClCompile>
    <ClCompile Include="AboutPropActiveMqPage.cpp">
      <Filter>Source Files</Filter>
    </ClCompile>
    <ClCompile Include="AMQTest.cpp">
      <Filter>Source Files</Filter>
    </ClCompile>
    <ClCompile Include="MessageServiceTest.cpp">
      <Filter>Source Files</Filter>
    </ClCompile>
    <ClCompile Include="SMQTest.cpp">
      <Filter>Source Files</Filter>
    </ClCompile>
  </ItemGroup>
  <ItemGroup>
    <ClInclude Include="AboutPropBandsPage.h">
      <Filter>Header Files</Filter>
    </ClInclude>
    <ClInclude Include="AboutPropGeneralPage.h">
      <Filter>Header Files</Filter>
    </ClInclude>
    <ClInclude Include="AboutPropLogPage.h">
      <Filter>Header Files</Filter>
    </ClInclude>
    <ClInclude Include="AboutPropMgmtOptionsPage.h">
      <Filter>Header Files</Filter>
    </ClInclude>
    <ClInclude Include="AboutPropMgmtPage.h">
      <Filter>Header Files</Filter>
    </ClInclude>
    <ClInclude Include="AboutPropModulePage.h">
      <Filter>Header Files</Filter>
    </ClInclude>
    <ClInclude Include="AboutPropPage.hpp">
      <Filter>Header Files</Filter>
    </ClInclude>
    <ClInclude Include="AboutPropRegistryPage.h">
      <Filter>Header Files</Filter>
    </ClInclude>
    <ClInclude Include="AboutPropSheet.h">
      <Filter>Header Files</Filter>
    </ClInclude>
    <ClInclude Include="AboutPropSonicPage.h">
      <Filter>Header Files</Filter>
    </ClInclude>
    <ClInclude Include="..\ifastgui\ConfigurationConstants.h">
      <Filter>Header Files</Filter>
    </ClInclude>
    <ClInclude Include="ControlTextRewriter.h">
      <Filter>Header Files</Filter>
    </ClInclude>
    <ClInclude Include="ExceptionReport.hpp">
      <Filter>Header Files</Filter>
    </ClInclude>
    <ClInclude Include="ifsupp.h">
      <Filter>Header Files</Filter>
    </ClInclude>
    <ClInclude Include="ifsuppext.hpp">
      <Filter>Header Files</Filter>
    </ClInclude>
    <ClInclude Include="KeyTrapper.h">
      <Filter>Header Files</Filter>
    </ClInclude>
    <ClInclude Include="Resource.h">
      <Filter>Header Files</Filter>
    </ClInclude>
    <ClInclude Include="SonicConnectionTest.h">
      <Filter>Header Files</Filter>
    </ClInclude>
    <ClInclude Include="stdafx.h">
      <Filter>Header Files</Filter>
    </ClInclude>
    <ClInclude Include="UserActivity.h">
      <Filter>Header Files</Filter>
    </ClInclude>
    <ClInclude Include="TestConnectivity.h">
      <Filter>Header Files</Filter>
    </ClInclude>
    <ClInclude Include="AboutPropActiveMqPage.h">
      <Filter>Header Files</Filter>
    </ClInclude>
    <ClInclude Include="AMQTest.h">
      <Filter>Header Files</Filter>
    </ClInclude>
    <ClInclude Include="SMQTest.h">
      <Filter>Header Files</Filter>
    </ClInclude>
    <ClInclude Include="MessageServiceTest.h">
      <Filter>Header Files</Filter>
    </ClInclude>
  </ItemGroup>
  <ItemGroup>
    <ResourceCompile Include="ifsupp.rc">
      <Filter>Resource Files</Filter>
    </ResourceCompile>
  </ItemGroup>
  <ItemGroup>
    <None Include="res\ifsupp.rc2">
      <Filter>Resource Files</Filter>
    </None>
  </ItemGroup>
  <ItemGroup>
    <Text Include="ReadMe.txt" />
  </ItemGroup>
</Project>