<?xml version="1.0" encoding="utf-8"?>
<Project ToolsVersion="4.0" xmlns="http://schemas.microsoft.com/developer/msbuild/2003">
  <ItemGroup>
    <Filter Include="Source Files">
      <UniqueIdentifier>{c92498fd-9f52-4fef-87b0-6fc48590b000}</UniqueIdentifier>
      <Extensions>cpp;c;cxx;rc;def;r;odl;idl;hpj;bat</Extensions>
    </Filter>
    <Filter Include="Header Files">
      <UniqueIdentifier>{21308b70-aa62-46e8-824d-487a90f17e70}</UniqueIdentifier>
      <Extensions>h;hpp;hxx;hm;inl</Extensions>
    </Filter>
    <Filter Include="Resource Files">
      <UniqueIdentifier>{ef97c4f6-edd9-4868-8593-a7a6730dc88b}</UniqueIdentifier>
      <Extensions>ico;cur;bmp;dlg;rc2;rct;bin;rgs;gif;jpg;jpeg;jpe</Extensions>
    </Filter>
  </ItemGroup>
  <ItemGroup>
    <ClCompile Include="dllmain.cpp">
      <Filter>Source Files</Filter>
    </ClCompile>
    <ClCompile Include="dstcdbrkr_constants.cpp">
      <Filter>Source Files</Filter>
    </ClCompile>
    <ClCompile Include="DSTCHost.cpp">
      <Filter>Source Files</Filter>
    </ClCompile>
    <ClCompile Include="DSTCPersistentRequestor.cpp">
      <Filter>Source Files</Filter>
    </ClCompile>
    <ClCompile Include="DSTCRequest.cpp">
      <Filter>Source Files</Filter>
    </ClCompile>
    <ClCompile Include="DSTCRequestBuffer.cpp">
      <Filter>Source Files</Filter>
    </ClCompile>
    <ClCompile Include="DSTCRequestor.cpp">
      <Filter>Source Files</Filter>
    </ClCompile>
    <ClCompile Include="DSTCResponseBuffer.cpp">
      <Filter>Source Files</Filter>
    </ClCompile>
    <ClCompile Include="DSTCSecurity.cpp">
      <Filter>Source Files</Filter>
    </ClCompile>
    <ClCompile Include="DSTCSetupThread.cpp">
      <Filter>Source Files</Filter>
    </ClCompile>
    <ClCompile Include="ifastdbrkr.cpp">
      <Filter>Source Files</Filter>
    </ClCompile>
    <ClCompile Include="ifastdbrkr_Conditions.cpp">
      <Filter>Source Files</Filter>
    </ClCompile>
    <ClCompile Include="SonicFrameworkError.cpp">
      <Filter>Source Files</Filter>
    </ClCompile>
    <ClCompile Include="tinystr.cpp">
      <Filter>Source Files</Filter>
    </ClCompile>
    <ClCompile Include="tinyxml.cpp">
      <Filter>Source Files</Filter>
    </ClCompile>
    <ClCompile Include="tinyxmlerror.cpp">
      <Filter>Source Files</Filter>
    </ClCompile>
    <ClCompile Include="tinyxmlparser.cpp">
      <Filter>Source Files</Filter>
    </ClCompile>
    <ClCompile Include="..\ifastcbo\version_app.cpp">
      <Filter>Source Files</Filter>
    </ClCompile>
    <ClCompile Include="ActiveMQConnectionFactory.cpp">
      <Filter>Source Files</Filter>
    </ClCompile>
    <ClCompile Include="ActiveMQConnection.cpp">
      <Filter>Source Files</Filter>
    </ClCompile>
    <ClCompile Include="SonicConnection.cpp">
      <Filter>Source Files</Filter>
    </ClCompile>
    <ClCompile Include="SonicConnectionFactory.cpp">
      <Filter>Source Files</Filter>
    </ClCompile>
  </ItemGroup>
  <ItemGroup>
    <ResourceCompile Include="ifastdbrkr.rc">
      <Filter>Source Files</Filter>
    </ResourceCompile>
  </ItemGroup>
  <ItemGroup>
    <ClInclude Include="DSTCHost.hpp">
      <Filter>Header Files</Filter>
    </ClInclude>
    <ClInclude Include="DSTCPersistentRequestor.hpp">
      <Filter>Header Files</Filter>
    </ClInclude>
    <ClInclude Include="DSTCRequest.hpp">
      <Filter>Header Files</Filter>
    </ClInclude>
    <ClInclude Include="DSTCRequestBuffer.hpp">
      <Filter>Header Files</Filter>
    </ClInclude>
    <ClInclude Include="DSTCRequestor.hpp">
      <Filter>Header Files</Filter>
    </ClInclude>
    <ClInclude Include="DSTCResponseBuffer.hpp">
      <Filter>Header Files</Filter>
    </ClInclude>
    <ClInclude Include="DSTCSecurity.hpp">
      <Filter>Header Files</Filter>
    </ClInclude>
    <ClInclude Include="DSTCSetupThread.hpp">
      <Filter>Header Files</Filter>
    </ClInclude>
    <ClInclude Include="ifastdbrkr.hpp">
      <Filter>Header Files</Filter>
    </ClInclude>
    <ClInclude Include="resource.h">
      <Filter>Header Files</Filter>
    </ClInclude>
    <ClInclude Include="SonicConnection.hpp">
      <Filter>Header Files</Filter>
    </ClInclude>
    <ClInclude Include="SonicConnectionFactory.hpp">
      <Filter>Header Files</Filter>
    </ClInclude>
    <ClInclude Include="SonicFrameworkError.hpp">
      <Filter>Header Files</Filter>
    </ClInclude>
    <ClInclude Include="tinystr.h">
      <Filter>Header Files</Filter>
    </ClInclude>
    <ClInclude Include="tinyxml.h">
      <Filter>Header Files</Filter>
    </ClInclude>
    <ClInclude Include="ActiveMQConnectionFactory.hpp">
      <Filter>Header Files</Filter>
    </ClInclude>
    <ClInclude Include="ActiveMQConnection.hpp">
      <Filter>Header Files</Filter>
    </ClInclude>
  </ItemGroup>
  <ItemGroup>
    <None Include="ClassDiagram.cd" />
  </ItemGroup>
</Project>