Microsoft Visual Studio Solution File, Format Version 8.00
Project("{8BC9CEB8-8B4A-11D0-8D11-00A0C91BC942}") = "awdsrv", "awdsrv\awdsrv.vcproj", "{11FBEF78-DCD0-422F-9C3B-78D08186F169}"
	ProjectSection(ProjectDependencies) = postProject
	EndProjectSection
EndProject
Global
	GlobalSection(SolutionConfiguration) = preSolution
		Debug = Debug
		Release = Release
		SmartHeap Release = SmartHeap Release
		SmartHeap Symbols = SmartHeap Symbols
	EndGlobalSection
	GlobalSection(ProjectConfiguration) = postSolution
		{11FBEF78-DCD0-422F-9C3B-78D08186F169}.Debug.ActiveCfg = Debug|Win32
		{11FBEF78-DCD0-422F-9C3B-78D08186F169}.Debug.Build.0 = Debug|Win32
		{11FBEF78-DCD0-422F-9C3B-78D08186F169}.Release.ActiveCfg = Release|Win32
		{11FBEF78-DCD0-422F-9C3B-78D08186F169}.Release.Build.0 = Release|Win32
		{11FBEF78-DCD0-422F-9C3B-78D08186F169}.SmartHeap Release.ActiveCfg = SmartHeap Release|Win32
		{11FBEF78-DCD0-422F-9C3B-78D08186F169}.SmartHeap Release.Build.0 = SmartHeap Release|Win32
		{11FBEF78-DCD0-422F-9C3B-78D08186F169}.SmartHeap Symbols.ActiveCfg = SmartHeap Symbols|Win32
		{11FBEF78-DCD0-422F-9C3B-78D08186F169}.SmartHeap Symbols.Build.0 = SmartHeap Symbols|Win32
	EndGlobalSection
	GlobalSection(ExtensibilityGlobals) = postSolution
	EndGlobalSection
	GlobalSection(ExtensibilityAddIns) = postSolution
	EndGlobalSection
EndGlobal
