<?xml version="1.0" encoding="utf-8"?>
<Project ToolsVersion="4.0" xmlns="http://schemas.microsoft.com/developer/msbuild/2003">
  <ItemGroup>
    <Filter Include="Source Files">
      <UniqueIdentifier>{dc351fa5-c131-4779-bec4-649f305d9990}</UniqueIdentifier>
      <Extensions>cpp;c;cxx;rc;def;r;odl;idl;hpj;bat</Extensions>
    </Filter>
    <Filter Include="Header Files">
      <UniqueIdentifier>{a3d97300-69ca-407d-8639-e2c781319780}</UniqueIdentifier>
      <Extensions>h;hpp;hxx;hm;inl</Extensions>
    </Filter>
    <Filter Include="Resource Files">
      <UniqueIdentifier>{e5430627-d6dc-487b-aa57-625c3620f4fe}</UniqueIdentifier>
      <Extensions>ico;cur;bmp;dlg;rc2;rct;bin;rgs;gif;jpg;jpeg;jpe</Extensions>
    </Filter>
  </ItemGroup>
  <ItemGroup>
    <ClCompile Include="AsyncRequestor.cpp">
      <Filter>Source Files</Filter>
    </ClCompile>
    <ClCompile Include="BFAbstractRequestor.cpp">
      <Filter>Source Files</Filter>
    </ClCompile>
    <ClCompile Include="BFBuffer.cpp">
      <Filter>Source Files</Filter>
    </ClCompile>
    <ClCompile Include="BFDataBroker.cpp">
      <Filter>Source Files</Filter>
    </ClCompile>
    <ClCompile Include="bfdbrkr_Conditions.cpp">
      <Filter>Source Files</Filter>
    </ClCompile>
    <ClCompile Include="BFHost.cpp">
      <Filter>Source Files</Filter>
    </ClCompile>
    <ClCompile Include="BFSecurity.cpp">
      <Filter>Source Files</Filter>
    </ClCompile>
    <ClCompile Include="BFViewTimeLog.cpp">
      <Filter>Source Files</Filter>
    </ClCompile>
    <ClCompile Include="CompositeRequestor.cpp">
      <Filter>Source Files</Filter>
    </ClCompile>
    <ClCompile Include="DbrkrLogger.cpp">
      <Filter>Source Files</Filter>
    </ClCompile>
    <ClCompile Include="dllmain.cpp">
      <Filter>Source Files</Filter>
    </ClCompile>
    <ClCompile Include="FileRequestBuffer.cpp">
      <Filter>Source Files</Filter>
    </ClCompile>
    <ClCompile Include="FileRequestor.cpp">
      <Filter>Source Files</Filter>
    </ClCompile>
    <ClCompile Include="FileResponseBuffer.cpp">
      <Filter>Source Files</Filter>
    </ClCompile>
    <ClCompile Include="FileStoreBuffer.cpp">
      <Filter>Source Files</Filter>
    </ClCompile>
    <ClCompile Include="SysLoadRequestor.cpp">
      <Filter>Source Files</Filter>
    </ClCompile>
  </ItemGroup>
  <ItemGroup>
    <ResourceCompile Include="bfdbrkr.rc">
      <Filter>Source Files</Filter>
    </ResourceCompile>
  </ItemGroup>
  <ItemGroup>
    <ClInclude Include="AsyncRequestListener.hpp">
      <Filter>Header Files</Filter>
    </ClInclude>
    <ClInclude Include="AsyncRequestor.hpp">
      <Filter>Header Files</Filter>
    </ClInclude>
    <ClInclude Include="BFAbstractRequestor.hpp">
      <Filter>Header Files</Filter>
    </ClInclude>
    <ClInclude Include="BFDataBroker.hpp">
      <Filter>Header Files</Filter>
    </ClInclude>
    <ClInclude Include="BFHost.hpp">
      <Filter>Header Files</Filter>
    </ClInclude>
    <ClInclude Include="BFReadBuffer.hpp">
      <Filter>Header Files</Filter>
    </ClInclude>
    <ClInclude Include="BFRequest.hpp">
      <Filter>Header Files</Filter>
    </ClInclude>
    <ClInclude Include="BFRequestor.hpp">
      <Filter>Header Files</Filter>
    </ClInclude>
    <ClInclude Include="BFSecurity.hpp">
      <Filter>Header Files</Filter>
    </ClInclude>
    <ClInclude Include="BFViewTimeLog.hpp">
      <Filter>Header Files</Filter>
    </ClInclude>
    <ClInclude Include="BFWriteBuffer.hpp">
      <Filter>Header Files</Filter>
    </ClInclude>
    <ClInclude Include="CompositeRequestor.hpp">
      <Filter>Header Files</Filter>
    </ClInclude>
    <ClInclude Include="DbrkrLogger.hpp">
      <Filter>Header Files</Filter>
    </ClInclude>
    <ClInclude Include="FileRequestBuffer.hpp">
      <Filter>Header Files</Filter>
    </ClInclude>
    <ClInclude Include="FileRequestor.hpp">
      <Filter>Header Files</Filter>
    </ClInclude>
    <ClInclude Include="FileResponseBuffer.hpp">
      <Filter>Header Files</Filter>
    </ClInclude>
    <ClInclude Include="FileStoreBuffer.hpp">
      <Filter>Header Files</Filter>
    </ClInclude>
    <ClInclude Include="resource.h">
      <Filter>Header Files</Filter>
    </ClInclude>
    <ClInclude Include="SysLoadRequestor.hpp">
      <Filter>Header Files</Filter>
    </ClInclude>
  </ItemGroup>
</Project>