<?xml version="1.0" encoding="utf-8"?>
<Project ToolsVersion="4.0" xmlns="http://schemas.microsoft.com/developer/msbuild/2003">
  <ItemGroup>
    <Filter Include="Source Files">
      <UniqueIdentifier>{601053fb-4ac8-4078-86cb-ee64d4753d70}</UniqueIdentifier>
      <Extensions>cpp;c;cxx;rc;def;r;odl;idl;hpj;bat</Extensions>
    </Filter>
    <Filter Include="Header Files">
      <UniqueIdentifier>{37b5ce41-4c1d-4261-a698-98661fff176c}</UniqueIdentifier>
      <Extensions>h;hpp;hxx;hm;inl</Extensions>
    </Filter>
    <Filter Include="Resource Files">
      <UniqueIdentifier>{587ef92c-e046-43cc-b1ba-eac96e2f9fcc}</UniqueIdentifier>
      <Extensions>ico;cur;bmp;dlg;rc2;rct;bin;rgs;gif;jpg;jpeg;jpe</Extensions>
    </Filter>
  </ItemGroup>
  <ItemGroup>
    <ClCompile Include="abstractbasemaindlg.cpp">
      <Filter>Source Files</Filter>
    </ClCompile>
    <ClCompile Include="basecontrol.cpp">
      <Filter>Source Files</Filter>
    </ClCompile>
    <ClCompile Include="basedlg.cpp">
      <Filter>Source Files</Filter>
    </ClCompile>
    <ClCompile Include="bfdefaultcontrolfactory.cpp">
      <Filter>Source Files</Filter>
    </ClCompile>
    <ClCompile Include="combobase.cpp">
      <Filter>Source Files</Filter>
    </ClCompile>
    <ClCompile Include="conditionmessagedialog.cpp">
      <Filter>Source Files</Filter>
    </ClCompile>
    <ClCompile Include="CTimerListCtrl.cpp">
      <Filter>Source Files</Filter>
    </ClCompile>
    <ClCompile Include="DateEdit.cpp">
      <Filter>Source Files</Filter>
    </ClCompile>
    <ClCompile Include="DlgResizeHelper.cpp">
      <Filter>Source Files</Filter>
    </ClCompile>
    <ClCompile Include="dllmain.cpp">
      <Filter>Source Files</Filter>
    </ClCompile>
    <ClCompile Include="DSTButton.cpp">
      <Filter>Source Files</Filter>
    </ClCompile>
    <ClCompile Include="DSTCDoc.cpp">
      <Filter>Source Files</Filter>
    </ClCompile>
    <ClCompile Include="DstcFuncs.cpp">
      <Filter>Source Files</Filter>
    </ClCompile>
    <ClCompile Include="DSTCGridWindow.cpp">
      <Filter>Source Files</Filter>
    </ClCompile>
    <ClCompile Include="DSTComboBox.cpp">
      <Filter>Source Files</Filter>
    </ClCompile>
    <ClCompile Include="DSTDateTime.cpp">
      <Filter>Source Files</Filter>
    </ClCompile>
    <ClCompile Include="DSTDateTimeCtrl.cpp">
      <Filter>Source Files</Filter>
    </ClCompile>
    <ClCompile Include="DSTEdit.cpp">
      <Filter>Source Files</Filter>
    </ClCompile>
    <ClCompile Include="DSTGridWnd.cpp">
      <Filter>Source Files</Filter>
    </ClCompile>
    <ClCompile Include="DSTListCtrl.cpp">
      <Filter>Source Files</Filter>
    </ClCompile>
    <ClCompile Include="DSTMsg.cpp">
      <Filter>Source Files</Filter>
    </ClCompile>
    <ClCompile Include="DSTOleDateTime.cpp">
      <Filter>Source Files</Filter>
    </ClCompile>
    <ClCompile Include="DSTStatic.cpp">
      <Filter>Source Files</Filter>
    </ClCompile>
    <ClCompile Include="DSTTabCtrl.cpp">
      <Filter>Source Files</Filter>
    </ClCompile>
    <ClCompile Include="DSTTimerListCtrl.cpp">
      <Filter>Source Files</Filter>
    </ClCompile>
    <ClCompile Include="editor.cpp">
      <Filter>Source Files</Filter>
    </ClCompile>
    <ClCompile Include="gui_conditions.cpp">
      <Filter>Source Files</Filter>
    </ClCompile>
    <ClCompile Include="ifdslistctrl.cpp">
      <Filter>Source Files</Filter>
    </ClCompile>
    <ClCompile Include="IFDSStatusBar.cpp">
      <Filter>Source Files</Filter>
    </ClCompile>
    <ClCompile Include="listctrl.cpp">
      <Filter>Source Files</Filter>
    </ClCompile>
    <ClCompile Include="MessageDialog.cpp">
      <Filter>Source Files</Filter>
    </ClCompile>
    <ClCompile Include="modalmessagedialog.cpp">
      <Filter>Source Files</Filter>
    </ClCompile>
    <ClCompile Include="oleglobal.cpp">
      <Filter>Source Files</Filter>
    </ClCompile>
    <ClCompile Include="PopupMessageDialog.cpp">
      <Filter>Source Files</Filter>
    </ClCompile>
    <ClCompile Include="RevisionListControl.cpp">
      <Filter>Source Files</Filter>
    </ClCompile>
    <ClCompile Include="ScrollHelper.cpp">
      <Filter>Source Files</Filter>
    </ClCompile>
    <ClCompile Include="stdafx.cpp">
      <Filter>Source Files</Filter>
    </ClCompile>
    <ClCompile Include="TelEdit.cpp">
      <Filter>Source Files</Filter>
    </ClCompile>
    <ClCompile Include="WindowManager.cpp">
      <Filter>Source Files</Filter>
    </ClCompile>
    <ClCompile Include="WRAgentSvc.cpp">
      <Filter>Source Files</Filter>
    </ClCompile>
  </ItemGroup>
  <ItemGroup>
    <ResourceCompile Include="PopupMessageDialog.rc">
      <Filter>Source Files</Filter>
    </ResourceCompile>
  </ItemGroup>
  <ItemGroup>
    <ClInclude Include="AbstractBaseMainDlg.h">
      <Filter>Header Files</Filter>
    </ClInclude>
    <ClInclude Include="basecontrol.hpp">
      <Filter>Header Files</Filter>
    </ClInclude>
    <ClInclude Include="basedlg.h">
      <Filter>Header Files</Filter>
    </ClInclude>
    <ClInclude Include="BaseDlgConstants.h">
      <Filter>Header Files</Filter>
    </ClInclude>
    <ClInclude Include="bfcontrolfactory.hpp">
      <Filter>Header Files</Filter>
    </ClInclude>
    <ClInclude Include="bfdefaultcontrolfactory.hpp">
      <Filter>Header Files</Filter>
    </ClInclude>
    <ClInclude Include="combobase.h">
      <Filter>Header Files</Filter>
    </ClInclude>
    <ClInclude Include="conditionmessagedialog.h">
      <Filter>Header Files</Filter>
    </ClInclude>
    <ClInclude Include="CTimerListCtrl.h">
      <Filter>Header Files</Filter>
    </ClInclude>
    <ClInclude Include="DateEdit.h">
      <Filter>Header Files</Filter>
    </ClInclude>
    <ClInclude Include="DlgResizeHelper.h">
      <Filter>Header Files</Filter>
    </ClInclude>
    <ClInclude Include="DSTButton.h">
      <Filter>Header Files</Filter>
    </ClInclude>
    <ClInclude Include="DSTCDoc.h">
      <Filter>Header Files</Filter>
    </ClInclude>
    <ClInclude Include="DstcFuncs.h">
      <Filter>Header Files</Filter>
    </ClInclude>
    <ClInclude Include="DSTCGridWindow.h">
      <Filter>Header Files</Filter>
    </ClInclude>
    <ClInclude Include="DSTComboBox.h">
      <Filter>Header Files</Filter>
    </ClInclude>
    <ClInclude Include="DSTDateTime.h">
      <Filter>Header Files</Filter>
    </ClInclude>
    <ClInclude Include="DSTDateTimeCtrl.h">
      <Filter>Header Files</Filter>
    </ClInclude>
    <ClInclude Include="DSTEdit.h">
      <Filter>Header Files</Filter>
    </ClInclude>
    <ClInclude Include="DSTGridWnd.h">
      <Filter>Header Files</Filter>
    </ClInclude>
    <ClInclude Include="DSTListCtrl.h">
      <Filter>Header Files</Filter>
    </ClInclude>
    <ClInclude Include="DSTMsg.h">
      <Filter>Header Files</Filter>
    </ClInclude>
    <ClInclude Include="DSTOleDateTime.h">
      <Filter>Header Files</Filter>
    </ClInclude>
    <ClInclude Include="DSTStatic.h">
      <Filter>Header Files</Filter>
    </ClInclude>
    <ClInclude Include="DSTTabCtrl.h">
      <Filter>Header Files</Filter>
    </ClInclude>
    <ClInclude Include="DSTTimerListCtrl.h">
      <Filter>Header Files</Filter>
    </ClInclude>
    <ClInclude Include="editor.h">
      <Filter>Header Files</Filter>
    </ClInclude>
    <ClInclude Include="ifdslistctrl.h">
      <Filter>Header Files</Filter>
    </ClInclude>
    <ClInclude Include="IFDSStatusBar.h">
      <Filter>Header Files</Filter>
    </ClInclude>
    <ClInclude Include="listctrl.h">
      <Filter>Header Files</Filter>
    </ClInclude>
    <ClInclude Include="MessageDialog.h">
      <Filter>Header Files</Filter>
    </ClInclude>
    <ClInclude Include="modalmessagedialog.h">
      <Filter>Header Files</Filter>
    </ClInclude>
    <ClInclude Include="oleglobal.hpp">
      <Filter>Header Files</Filter>
    </ClInclude>
    <ClInclude Include="PopupMessageDialog.h">
      <Filter>Header Files</Filter>
    </ClInclude>
    <ClInclude Include="PopupMessageRes.h">
      <Filter>Header Files</Filter>
    </ClInclude>
    <ClInclude Include="RevisionListControl.hpp">
      <Filter>Header Files</Filter>
    </ClInclude>
    <ClInclude Include="ScrollHelper.h">
      <Filter>Header Files</Filter>
    </ClInclude>
    <ClInclude Include="stdafx.h">
      <Filter>Header Files</Filter>
    </ClInclude>
    <ClInclude Include="TelEdit.h">
      <Filter>Header Files</Filter>
    </ClInclude>
    <ClInclude Include="win32uibase_global.hpp">
      <Filter>Header Files</Filter>
    </ClInclude>
    <ClInclude Include="WindowManager.hpp">
      <Filter>Header Files</Filter>
    </ClInclude>
    <ClInclude Include="WRAgentDef.h">
      <Filter>Header Files</Filter>
    </ClInclude>
    <ClInclude Include="WRAgentSvc.h">
      <Filter>Header Files</Filter>
    </ClInclude>
  </ItemGroup>
  <ItemGroup>
    <Image Include="res\hdrdown.bmp">
      <Filter>Resource Files</Filter>
    </Image>
    <Image Include="res\hdrup.bmp">
      <Filter>Resource Files</Filter>
    </Image>
    <Image Include="res\sb_sonic.bmp">
      <Filter>Resource Files</Filter>
    </Image>
    <Image Include="res\sb_sonic_red.bmp">
      <Filter>Resource Files</Filter>
    </Image>
  </ItemGroup>
</Project>