<?xml version="1.0" encoding="utf-8"?>
<Project ToolsVersion="4.0" xmlns="http://schemas.microsoft.com/developer/msbuild/2003">
  <ItemGroup>
    <Filter Include="Source Files">
      <UniqueIdentifier>{2e5d1d09-1ff8-4c67-81b2-97e2e9af0434}</UniqueIdentifier>
      <Extensions>cpp;c;cxx;rc;def;r;odl;idl;hpj;bat</Extensions>
    </Filter>
    <Filter Include="Header Files">
      <UniqueIdentifier>{8c5ac70d-3008-41ed-b3b6-b85c2186f786}</UniqueIdentifier>
      <Extensions>h;hpp;hxx;hm;inl</Extensions>
    </Filter>
    <Filter Include="Resource Files">
      <UniqueIdentifier>{423cc75d-144d-4120-95af-49fb03545a29}</UniqueIdentifier>
      <Extensions>ico;cur;bmp;dlg;rc2;rct;bin;rgs;gif;jpg;jpeg;jpe</Extensions>
    </Filter>
  </ItemGroup>
  <ItemGroup>
    <ClCompile Include="CsiComponent.cpp">
      <Filter>Source Files</Filter>
    </ClCompile>
    <ClCompile Include="CsiContainer.cpp">
      <Filter>Source Files</Filter>
    </ClCompile>
    <ClCompile Include="CsiIdentifier.cpp">
      <Filter>Source Files</Filter>
    </ClCompile>
    <ClCompile Include="CsiScreen.cpp">
      <Filter>Source Files</Filter>
    </ClCompile>
    <ClCompile Include="CsiScreenReader.cpp">
      <Filter>Source Files</Filter>
    </ClCompile>
    <ClCompile Include="CsiSession.cpp">
      <Filter>Source Files</Filter>
    </ClCompile>
    <ClCompile Include="DcInputField.cpp">
      <Filter>Source Files</Filter>
    </ClCompile>
    <ClCompile Include="DcInputScreen.cpp">
      <Filter>Source Files</Filter>
    </ClCompile>
    <ClCompile Include="DcListColumn.cpp">
      <Filter>Source Files</Filter>
    </ClCompile>
    <ClCompile Include="DcListScreen.cpp">
      <Filter>Source Files</Filter>
    </ClCompile>
    <ClCompile Include="DcMenu.cpp">
      <Filter>Source Files</Filter>
    </ClCompile>
    <ClCompile Include="DcMenuItem.cpp">
      <Filter>Source Files</Filter>
    </ClCompile>
    <ClCompile Include="ifastcsi.cpp">
      <Filter>Source Files</Filter>
    </ClCompile>
  </ItemGroup>
  <ItemGroup>
    <ClInclude Include="CsiComponent.h">
      <Filter>Header Files</Filter>
    </ClInclude>
    <ClInclude Include="CsiContainer.h">
      <Filter>Header Files</Filter>
    </ClInclude>
    <ClInclude Include="CsiException.h">
      <Filter>Header Files</Filter>
    </ClInclude>
    <ClInclude Include="CsiIdentifier.h">
      <Filter>Header Files</Filter>
    </ClInclude>
    <ClInclude Include="CsiScreen.h">
      <Filter>Header Files</Filter>
    </ClInclude>
    <ClInclude Include="CsiScreenReader.h">
      <Filter>Header Files</Filter>
    </ClInclude>
    <ClInclude Include="CsiSession.h">
      <Filter>Header Files</Filter>
    </ClInclude>
    <ClInclude Include="DcInputField.h">
      <Filter>Header Files</Filter>
    </ClInclude>
    <ClInclude Include="DcInputScreen.h">
      <Filter>Header Files</Filter>
    </ClInclude>
    <ClInclude Include="DcListColumn.h">
      <Filter>Header Files</Filter>
    </ClInclude>
    <ClInclude Include="DcListScreen.h">
      <Filter>Header Files</Filter>
    </ClInclude>
    <ClInclude Include="DcMenu.h">
      <Filter>Header Files</Filter>
    </ClInclude>
    <ClInclude Include="DcMenuItem.h">
      <Filter>Header Files</Filter>
    </ClInclude>
    <ClInclude Include="ifastcsi.h">
      <Filter>Header Files</Filter>
    </ClInclude>
    <ClInclude Include="XPlatform.h">
      <Filter>Header Files</Filter>
    </ClInclude>
  </ItemGroup>
</Project>