<?xml version="1.0" encoding="utf-8"?>
<Project ToolsVersion="4.0" xmlns="http://schemas.microsoft.com/developer/msbuild/2003">
  <ItemGroup>
    <Filter Include="Source Files">
      <UniqueIdentifier>{8fe90884-dc21-4fa6-a33a-cd530b256906}</UniqueIdentifier>
      <Extensions>cpp;c;cxx;rc;def;r;odl;idl;hpj;bat</Extensions>
    </Filter>
    <Filter Include="Header Files">
      <UniqueIdentifier>{6536d280-b509-4cf7-bf2e-229d86259a36}</UniqueIdentifier>
      <Extensions>h;hpp;hxx;hm;inl</Extensions>
    </Filter>
    <Filter Include="Resource Files">
      <UniqueIdentifier>{7eb70c32-56fa-4d49-a9f8-ec36630cfa5a}</UniqueIdentifier>
      <Extensions>ico;cur;bmp;dlg;rc2;rct;bin;rgs;gif;jpg;jpeg;jpe</Extensions>
    </Filter>
  </ItemGroup>
  <ItemGroup>
    <ClCompile Include="awd23interface.cpp">
      <Filter>Source Files</Filter>
    </ClCompile>
    <ClCompile Include="awd23key.cpp">
      <Filter>Source Files</Filter>
    </ClCompile>
    <ClCompile Include="awd23lookupresult.cpp">
      <Filter>Source Files</Filter>
    </ClCompile>
    <ClCompile Include="awd23source.cpp">
      <Filter>Source Files</Filter>
    </ClCompile>
    <ClCompile Include="diawd23_conditions.cpp">
      <Filter>Source Files</Filter>
    </ClCompile>
    <ClCompile Include="exceptionhandler.cpp">
      <Filter>Source Files</Filter>
    </ClCompile>
    <ClCompile Include="moduleinfo.cpp">
      <Filter>Source Files</Filter>
    </ClCompile>
    <ClCompile Include="stdafx.cpp">
      <Filter>Source Files</Filter>
    </ClCompile>
  </ItemGroup>
  <ItemGroup>
    <ClInclude Include="awd23interface.hpp">
      <Filter>Header Files</Filter>
    </ClInclude>
    <ClInclude Include="awd23key.hpp">
      <Filter>Header Files</Filter>
    </ClInclude>
    <ClInclude Include="awd23lookupresult.hpp">
      <Filter>Header Files</Filter>
    </ClInclude>
    <ClInclude Include="awd23source.hpp">
      <Filter>Header Files</Filter>
    </ClInclude>
    <ClInclude Include="..\INC\diawd23_conditions.hpp">
      <Filter>Header Files</Filter>
    </ClInclude>
    <ClInclude Include="exceptionhandler.hpp">
      <Filter>Header Files</Filter>
    </ClInclude>
    <ClInclude Include="sominc.h">
      <Filter>Header Files</Filter>
    </ClInclude>
    <ClInclude Include="stdafx.h">
      <Filter>Header Files</Filter>
    </ClInclude>
  </ItemGroup>
  <ItemGroup>
    <None Include="..\bin\dicbocore.dll" />
    <None Include="..\dicbocore\dicbocore.dsp" />
  </ItemGroup>
</Project>