<?xml version="1.0" encoding="utf-8"?>
<Project ToolsVersion="4.0" xmlns="http://schemas.microsoft.com/developer/msbuild/2003">
  <ItemGroup>
    <Filter Include="Source Files">
      <UniqueIdentifier>{a280fa29-65b7-4721-b0fc-927d4306305e}</UniqueIdentifier>
      <Extensions>cpp;c;cxx;rc;def;r;odl;idl;hpj;bat</Extensions>
    </Filter>
    <Filter Include="Header Files">
      <UniqueIdentifier>{e6193a41-5533-4465-ac28-3486490e2621}</UniqueIdentifier>
      <Extensions>h;hpp;hxx;hm;inl</Extensions>
    </Filter>
  </ItemGroup>
  <ItemGroup>
    <ClCompile Include="AbstractCommandDispatcher.cpp">
      <Filter>Source Files</Filter>
    </ClCompile>
    <ClCompile Include="AbstractListDetails.cpp">
      <Filter>Source Files</Filter>
    </ClCompile>
    <ClCompile Include="AbstractProcess.cpp">
      <Filter>Source Files</Filter>
    </ClCompile>
    <ClCompile Include="bfcontainerid.cpp">
      <Filter>Source Files</Filter>
    </ClCompile>
    <ClCompile Include="bfprocessfactory.cpp">
      <Filter>Source Files</Filter>
    </ClCompile>
    <ClCompile Include="bpbase_conditions.cpp">
      <Filter>Source Files</Filter>
    </ClCompile>
    <ClCompile Include="BPSessionTags.cpp">
      <Filter>Source Files</Filter>
    </ClCompile>
    <ClCompile Include="Command.cpp">
      <Filter>Source Files</Filter>
    </ClCompile>
    <ClCompile Include="CommandDispatcher.cpp">
      <Filter>Source Files</Filter>
    </ClCompile>
    <ClCompile Include="commandtraits.cpp">
      <Filter>Source Files</Filter>
    </ClCompile>
    <ClCompile Include="dllmain.cpp">
      <Filter>Source Files</Filter>
    </ClCompile>
    <ClCompile Include="FieldDetails.cpp">
      <Filter>Source Files</Filter>
    </ClCompile>
    <ClCompile Include="GenericInterface.cpp">
      <Filter>Source Files</Filter>
    </ClCompile>
    <ClCompile Include="GenericInterfaceContainer.cpp">
      <Filter>Source Files</Filter>
    </ClCompile>
    <ClCompile Include="InterProcessData.cpp">
      <Filter>Source Files</Filter>
    </ClCompile>
    <ClCompile Include="ListDetails.cpp">
      <Filter>Source Files</Filter>
    </ClCompile>
    <ClCompile Include="ProcessManager.cpp">
      <Filter>Source Files</Filter>
    </ClCompile>
    <ClCompile Include="SubstituteListDetails.cpp">
      <Filter>Source Files</Filter>
    </ClCompile>
  </ItemGroup>
  <ItemGroup>
    <ResourceCompile Include="bfproc.rc">
      <Filter>Source Files</Filter>
    </ResourceCompile>
  </ItemGroup>
  <ItemGroup>
    <ClInclude Include="AbstractCommandDispatcher.hpp">
      <Filter>Header Files</Filter>
    </ClInclude>
    <ClInclude Include="AbstractFactory.hpp">
      <Filter>Header Files</Filter>
    </ClInclude>
    <ClInclude Include="AbstractListDetails.hpp">
      <Filter>Header Files</Filter>
    </ClInclude>
    <ClInclude Include="AbstractProcess.hpp">
      <Filter>Header Files</Filter>
    </ClInclude>
    <ClInclude Include="AbstractProcessConstants.h">
      <Filter>Header Files</Filter>
    </ClInclude>
    <ClInclude Include="abstractprocesscreator.hpp">
      <Filter>Header Files</Filter>
    </ClInclude>
    <ClInclude Include="bfcontainerid.hpp">
      <Filter>Header Files</Filter>
    </ClInclude>
    <ClInclude Include="bfprocessfactory.hpp">
      <Filter>Header Files</Filter>
    </ClInclude>
    <ClInclude Include="BPGlobal.h">
      <Filter>Header Files</Filter>
    </ClInclude>
    <ClInclude Include="BPSessionTags.h">
      <Filter>Header Files</Filter>
    </ClInclude>
    <ClInclude Include="Command.hpp">
      <Filter>Header Files</Filter>
    </ClInclude>
    <ClInclude Include="CommandDispatcher.hpp">
      <Filter>Header Files</Filter>
    </ClInclude>
    <ClInclude Include="CommandEnum.h">
      <Filter>Header Files</Filter>
    </ClInclude>
    <ClInclude Include="commandtraits.hpp">
      <Filter>Header Files</Filter>
    </ClInclude>
    <ClInclude Include="concretedialogcreator.hpp">
      <Filter>Header Files</Filter>
    </ClInclude>
    <ClInclude Include="concreteprocesscreator.hpp">
      <Filter>Header Files</Filter>
    </ClInclude>
    <ClInclude Include="FieldDetails.hpp">
      <Filter>Header Files</Filter>
    </ClInclude>
    <ClInclude Include="GenericInterface.hpp">
      <Filter>Header Files</Filter>
    </ClInclude>
    <ClInclude Include="GenericInterfaceContainer.hpp">
      <Filter>Header Files</Filter>
    </ClInclude>
    <ClInclude Include="InterProcessData.hpp">
      <Filter>Header Files</Filter>
    </ClInclude>
    <ClInclude Include="ListDetails.hpp">
      <Filter>Header Files</Filter>
    </ClInclude>
    <ClInclude Include="ProcessManager.hpp">
      <Filter>Header Files</Filter>
    </ClInclude>
    <ClInclude Include="resource.h">
      <Filter>Header Files</Filter>
    </ClInclude>
    <ClInclude Include="SubstituteListDetails.hpp">
      <Filter>Header Files</Filter>
    </ClInclude>
  </ItemGroup>
</Project>