<?xml version="1.0" encoding="utf-8"?>
<Project ToolsVersion="4.0" xmlns="http://schemas.microsoft.com/developer/msbuild/2003">
  <ItemGroup>
    <Filter Include="Source Files">
      <UniqueIdentifier>{e21ef895-7a37-41a5-882f-b78885e92d70}</UniqueIdentifier>
      <Extensions>cpp;c;cxx;rc;def;r;odl;idl;hpj;bat</Extensions>
    </Filter>
    <Filter Include="DataBroker">
      <UniqueIdentifier>{d0b1e046-e703-4682-a0c8-d6af55115755}</UniqueIdentifier>
      <Extensions>*.bin</Extensions>
    </Filter>
    <Filter Include="Header Files">
      <UniqueIdentifier>{9b93edfe-c6af-432c-b4c9-8ad35ba9a356}</UniqueIdentifier>
      <Extensions>h;hpp;hxx;hm;inl</Extensions>
    </Filter>
    <Filter Include="Resource Files">
      <UniqueIdentifier>{0f43360c-ba6b-46e6-9a27-94d8d4e325fc}</UniqueIdentifier>
      <Extensions>ico;cur;bmp;dlg;rc2;rct;bin;rgs;gif;jpg;jpeg;jpe</Extensions>
    </Filter>
    <Filter Include="ddincludes">
      <UniqueIdentifier>{972dc9e1-75f6-4324-a657-a910c2c41649}</UniqueIdentifier>
      <Extensions>*.hpp</Extensions>
    </Filter>
  </ItemGroup>
  <ItemGroup>
    <ClCompile Include="DocumentType.cpp">
      <Filter>Source Files</Filter>
    </ClCompile>
    <ClCompile Include="ifastauditids.cpp">
      <Filter>Source Files</Filter>
    </ClCompile>
    <ClCompile Include="ifastbankids.cpp">
      <Filter>Source Files</Filter>
    </ClCompile>
    <ClCompile Include="ifastcurrenciesids.cpp">
      <Filter>Source Files</Filter>
    </ClCompile>
    <ClCompile Include="ifasterrorids.cpp">
      <Filter>Source Files</Filter>
    </ClCompile>
    <ClCompile Include="ifastkeytypeids.cpp">
      <Filter>Source Files</Filter>
    </ClCompile>
    <ClCompile Include="ifastradeids.cpp">
      <Filter>Source Files</Filter>
    </ClCompile>
    <ClCompile Include="ifastuafids.cpp">
      <Filter>Source Files</Filter>
    </ClCompile>
  </ItemGroup>
  <ItemGroup>
    <None Include="..\data\DataBroker.bin">
      <Filter>DataBroker</Filter>
    </None>
  </ItemGroup>
</Project>