<?xml version="1.0" encoding="utf-8"?>
<Project ToolsVersion="4.0" xmlns="http://schemas.microsoft.com/developer/msbuild/2003">
  <ItemGroup>
    <Filter Include="Source Files">
      <UniqueIdentifier>{ceccb63f-92b9-414c-9ea4-cc89335ba51e}</UniqueIdentifier>
      <Extensions>cpp;c;cxx;rc;def;r;odl;idl;hpj;bat</Extensions>
    </Filter>
    <Filter Include="Header Files">
      <UniqueIdentifier>{1ba9dbb2-5918-4e67-a1fa-b9151a0cb71a}</UniqueIdentifier>
      <Extensions>h;hpp;hxx;hm;inl</Extensions>
    </Filter>
    <Filter Include="Resource Files">
      <UniqueIdentifier>{0aeaa194-0425-4a11-85d7-6fe333273669}</UniqueIdentifier>
      <Extensions>ico;cur;bmp;dlg;rc2;rct;bin;rgs;gif;jpg;jpeg;jpe</Extensions>
    </Filter>
  </ItemGroup>
  <ItemGroup>
    <ClCompile Include="ACBProcess.cpp">
      <Filter>Source Files</Filter>
    </ClCompile>
    <ClCompile Include="AccDetailsProcess.cpp">
      <Filter>Source Files</Filter>
    </ClCompile>
    <ClCompile Include="AccInfoProcess.cpp">
      <Filter>Source Files</Filter>
    </ClCompile>
    <ClCompile Include="AccountAllocationsProcess.cpp">
      <Filter>Source Files</Filter>
    </ClCompile>
    <ClCompile Include="AccountCommitmentProcess.cpp">
      <Filter>Source Files</Filter>
    </ClCompile>
    <ClCompile Include="AccountContractProcess.cpp">
      <Filter>Source Files</Filter>
    </ClCompile>
    <ClCompile Include="AccountDistributionProcess.cpp">
      <Filter>Source Files</Filter>
    </ClCompile>
    <ClCompile Include="AccountHoldingsInquiryProcess.cpp">
      <Filter>Source Files</Filter>
    </ClCompile>
    <ClCompile Include="AccountInquiryProcess.cpp">
      <Filter>Source Files</Filter>
    </ClCompile>
    <ClCompile Include="AccountRegDetailsProcess.cpp">
      <Filter>Source Files</Filter>
    </ClCompile>
    <ClCompile Include="AccountReviewProcess.cpp">
      <Filter>Source Files</Filter>
    </ClCompile>
    <ClCompile Include="AccountSearchProcess.cpp">
      <Filter>Source Files</Filter>
    </ClCompile>
    <ClCompile Include="AccrualsProcess.cpp">
      <Filter>Source Files</Filter>
    </ClCompile>
    <ClCompile Include="AcctCategoryProcess.cpp">
      <Filter>Source Files</Filter>
    </ClCompile>
    <ClCompile Include="AcctCutOffTimesProcess.cpp">
      <Filter>Source Files</Filter>
    </ClCompile>
    <ClCompile Include="AcctGuaranteeGuardOptProcess.cpp">
      <Filter>Source Files</Filter>
    </ClCompile>
    <ClCompile Include="AcctSettlementInstrProcess.cpp">
      <Filter>Source Files</Filter>
    </ClCompile>
    <ClCompile Include="AcctSettlementRuleProcess.cpp">
      <Filter>Source Files</Filter>
    </ClCompile>
    <ClCompile Include="AcctSplitCommProcess.cpp">
      <Filter>Source Files</Filter>
    </ClCompile>
    <ClCompile Include="ActiveBatchProcess.cpp">
      <Filter>Source Files</Filter>
    </ClCompile>
    <ClCompile Include="AddressProcess.cpp">
      <Filter>Source Files</Filter>
    </ClCompile>
    <ClCompile Include="AddrTaxJurisUpdateProcess.cpp">
      <Filter>Source Files</Filter>
    </ClCompile>
    <ClCompile Include="AdminDatesProcess.cpp">
      <Filter>Source Files</Filter>
    </ClCompile>
    <ClCompile Include="AggregatedOrderProcess.cpp">
      <Filter>Source Files</Filter>
    </ClCompile>
    <ClCompile Include="AllFundInfoProcess.cpp">
      <Filter>Source Files</Filter>
    </ClCompile>
    <ClCompile Include="AllocationSplitProcess.cpp">
      <Filter>Source Files</Filter>
    </ClCompile>
    <ClCompile Include="AllocationsProcess.cpp">
      <Filter>Source Files</Filter>
    </ClCompile>
    <ClCompile Include="AMSAcctLvlProcess.cpp">
      <Filter>Source Files</Filter>
    </ClCompile>
    <ClCompile Include="AmsLmtOverrideProcess.cpp">
      <Filter>Source Files</Filter>
    </ClCompile>
    <ClCompile Include="AMSMstProcess.cpp">
      <Filter>Source Files</Filter>
    </ClCompile>
    <ClCompile Include="APINASUProcess.cpp">
      <Filter>Source Files</Filter>
    </ClCompile>
    <ClCompile Include="AsPensionPlanProcess.cpp">
      <Filter>Source Files</Filter>
    </ClCompile>
    <ClCompile Include="AvailabilityProcess.cpp">
      <Filter>Source Files</Filter>
    </ClCompile>
    <ClCompile Include="BankInstructionsProcess.cpp">
      <Filter>Source Files</Filter>
    </ClCompile>
    <ClCompile Include="BPAggeratedOrderProcess.cpp">
      <Filter>Source Files</Filter>
    </ClCompile>
    <ClCompile Include="BranchProcess.cpp">
      <Filter>Source Files</Filter>
    </ClCompile>
    <ClCompile Include="BrokerAddressProcess.cpp">
      <Filter>Source Files</Filter>
    </ClCompile>
    <ClCompile Include="BrokerAMSProcess.cpp">
      <Filter>Source Files</Filter>
    </ClCompile>
    <ClCompile Include="BrokerProcess.cpp">
      <Filter>Source Files</Filter>
    </ClCompile>
    <ClCompile Include="BrokerRemarkProcess.cpp">
      <Filter>Source Files</Filter>
    </ClCompile>
    <ClCompile Include="BrowserLaunchProcess.cpp">
      <Filter>Source Files</Filter>
    </ClCompile>
    <ClCompile Include="CancellationInstrProcess.cpp">
      <Filter>Source Files</Filter>
    </ClCompile>
    <ClCompile Include="CBOName.cpp">
      <Filter>Source Files</Filter>
    </ClCompile>
    <ClCompile Include="CertificateProcess.cpp">
      <Filter>Source Files</Filter>
    </ClCompile>
    <ClCompile Include="ChequeProcess.cpp">
      <Filter>Source Files</Filter>
    </ClCompile>
    <ClCompile Include="CleanupProcess.cpp">
      <Filter>Source Files</Filter>
    </ClCompile>
    <ClCompile Include="CloneAccountProcess.cpp">
      <Filter>Source Files</Filter>
    </ClCompile>
    <ClCompile Include="COAProcess.cpp">
      <Filter>Source Files</Filter>
    </ClCompile>
    <ClCompile Include="ConfirmationProcess.cpp">
      <Filter>Source Files</Filter>
    </ClCompile>
    <ClCompile Include="ConfirmReprintProcess.cpp">
      <Filter>Source Files</Filter>
    </ClCompile>
    <ClCompile Include="ContractInfoProcess.cpp">
      <Filter>Source Files</Filter>
    </ClCompile>
    <ClCompile Include="ContractMaturityInstructionProcess.cpp">
      <Filter>Source Files</Filter>
    </ClCompile>
    <ClCompile Include="DailyTransactionFeesProcess.cpp">
      <Filter>Source Files</Filter>
    </ClCompile>
    <ClCompile Include="DemographicsProcess.cpp">
      <Filter>Source Files</Filter>
    </ClCompile>
    <ClCompile Include="DilutionProcess.cpp">
      <Filter>Source Files</Filter>
    </ClCompile>
    <ClCompile Include="DirectTradingProcess.cpp">
      <Filter>Source Files</Filter>
    </ClCompile>
    <ClCompile Include="EntityAddressSearchProcess.cpp">
      <Filter>Source Files</Filter>
    </ClCompile>
    <ClCompile Include="EntityAloneProcess.cpp">
      <Filter>Source Files</Filter>
    </ClCompile>
    <ClCompile Include="EntityProcess.cpp">
      <Filter>Source Files</Filter>
    </ClCompile>
    <ClCompile Include="EntitySearchProcess.cpp">
      <Filter>Source Files</Filter>
    </ClCompile>
    <ClCompile Include="ESoPHistoricalProcess.cpp">
      <Filter>Source Files</Filter>
    </ClCompile>
    <ClCompile Include="ESoPInfoProcess.cpp">
      <Filter>Source Files</Filter>
    </ClCompile>
    <ClCompile Include="EstateAllocationProcess.cpp">
      <Filter>Source Files</Filter>
    </ClCompile>
    <ClCompile Include="EStatementProcess.cpp">
      <Filter>Source Files</Filter>
    </ClCompile>
    <ClCompile Include="FeaturesSearchProcess.cpp">
      <Filter>Source Files</Filter>
    </ClCompile>
    <ClCompile Include="FeeModelProcess.cpp">
      <Filter>Source Files</Filter>
    </ClCompile>
    <ClCompile Include="FeeParamMaintProcess.cpp">
      <Filter>Source Files</Filter>
    </ClCompile>
    <ClCompile Include="FeeParamProcess.cpp">
      <Filter>Source Files</Filter>
    </ClCompile>
    <ClCompile Include="FeeParamSysProcess.cpp">
      <Filter>Source Files</Filter>
    </ClCompile>
    <ClCompile Include="FileInquiryProcess.cpp">
      <Filter>Source Files</Filter>
    </ClCompile>
    <ClCompile Include="FileSearchProcess.cpp">
      <Filter>Source Files</Filter>
    </ClCompile>
    <ClCompile Include="FillSearchCriteriaProcess.cpp">
      <Filter>Source Files</Filter>
    </ClCompile>
    <ClCompile Include="FinancialInstitutionProcess.cpp">
      <Filter>Source Files</Filter>
    </ClCompile>
    <ClCompile Include="FinancialInstitutionSearchProcess.cpp">
      <Filter>Source Files</Filter>
    </ClCompile>
    <ClCompile Include="FireFighterLogonProcess.cpp">
      <Filter>Source Files</Filter>
    </ClCompile>
    <ClCompile Include="ForeignContentWorksheetProcess.cpp">
      <Filter>Source Files</Filter>
    </ClCompile>
    <ClCompile Include="FreeUnitProcess.cpp">
      <Filter>Source Files</Filter>
    </ClCompile>
    <ClCompile Include="FromToAllocaionProcess.cpp">
      <Filter>Source Files</Filter>
    </ClCompile>
    <ClCompile Include="FTPLogonProcess.cpp">
      <Filter>Source Files</Filter>
    </ClCompile>
    <ClCompile Include="FundBrokerProcess.cpp">
      <Filter>Source Files</Filter>
    </ClCompile>
    <ClCompile Include="FundBrokerSettlementInstrProcess.cpp">
      <Filter>Source Files</Filter>
    </ClCompile>
    <ClCompile Include="FundClassProcess.cpp">
      <Filter>Source Files</Filter>
    </ClCompile>
    <ClCompile Include="FundGroupProcess.cpp">
      <Filter>Source Files</Filter>
    </ClCompile>
    <ClCompile Include="FundInfoProcess.cpp">
      <Filter>Source Files</Filter>
    </ClCompile>
    <ClCompile Include="FundSponsorFeeModelProcess.cpp">
      <Filter>Source Files</Filter>
    </ClCompile>
    <ClCompile Include="GIAInvAttribProcess.cpp">
      <Filter>Source Files</Filter>
    </ClCompile>
    <ClCompile Include="GIInvestmentDetailsProcess.cpp">
      <Filter>Source Files</Filter>
    </ClCompile>
    <ClCompile Include="GuaranteeInfoProcess.cpp">
      <Filter>Source Files</Filter>
    </ClCompile>
    <ClCompile Include="HistoricalAccountProcess.cpp">
      <Filter>Source Files</Filter>
    </ClCompile>
    <ClCompile Include="HistoricalInfoProcess.cpp">
      <Filter>Source Files</Filter>
    </ClCompile>
    <ClCompile Include="HistoricalInfoSearchProcess.cpp">
      <Filter>Source Files</Filter>
    </ClCompile>
    <ClCompile Include="HistoricalMarketValueProcess.cpp">
      <Filter>Source Files</Filter>
    </ClCompile>
    <ClCompile Include="HistoricalSystematicIndexProcess.cpp">
      <Filter>Source Files</Filter>
    </ClCompile>
    <ClCompile Include="HoldingCompProcess.cpp">
      <Filter>Source Files</Filter>
    </ClCompile>
    <ClCompile Include="HypoRedProcess.cpp">
      <Filter>Source Files</Filter>
    </ClCompile>
    <ClCompile Include="HypotheticalRedProcess.cpp">
      <Filter>Source Files</Filter>
    </ClCompile>
    <ClCompile Include="IdCallerProcess.cpp">
      <Filter>Source Files</Filter>
    </ClCompile>
    <ClCompile Include="IdentAccProcess.cpp">
      <Filter>Source Files</Filter>
    </ClCompile>
    <ClCompile Include="ifastbp_conditions.cpp">
      <Filter>Source Files</Filter>
    </ClCompile>
    <ClCompile Include="ifasthistoricalparameters.cpp">
      <Filter>Source Files</Filter>
    </ClCompile>
    <ClCompile Include="ifastprocessincludes.cpp">
      <Filter>Source Files</Filter>
    </ClCompile>
    <ClCompile Include="InterestSegmentProcess.cpp">
      <Filter>Source Files</Filter>
    </ClCompile>
    <ClCompile Include="InvDetlDeductionProcess.cpp">
      <Filter>Source Files</Filter>
    </ClCompile>
    <ClCompile Include="InventorySummaryProcess.cpp">
      <Filter>Source Files</Filter>
    </ClCompile>
    <ClCompile Include="InvestmentHistoryProcess.cpp">
      <Filter>Source Files</Filter>
    </ClCompile>
    <ClCompile Include="InvestorAuthorizationInfoProcess.cpp">
      <Filter>Source Files</Filter>
    </ClCompile>
    <ClCompile Include="JAcctDetlProcess.cpp">
      <Filter>Source Files</Filter>
    </ClCompile>
    <ClCompile Include="JAcctMailPrdOverrideProcess.cpp">
      <Filter>Source Files</Filter>
    </ClCompile>
    <ClCompile Include="JAcctMailProcess.cpp">
      <Filter>Source Files</Filter>
    </ClCompile>
    <ClCompile Include="JAcctTransProcess.cpp">
      <Filter>Source Files</Filter>
    </ClCompile>
    <ClCompile Include="JAdvisorInfoProcess.cpp">
      <Filter>Source Files</Filter>
    </ClCompile>
    <ClCompile Include="JAdvisorSummProcess.cpp">
      <Filter>Source Files</Filter>
    </ClCompile>
    <ClCompile Include="JAdvisorTransProcess.cpp">
      <Filter>Source Files</Filter>
    </ClCompile>
    <ClCompile Include="JBranchListProcess.cpp">
      <Filter>Source Files</Filter>
    </ClCompile>
    <ClCompile Include="JBrokerListProcess.cpp">
      <Filter>Source Files</Filter>
    </ClCompile>
    <ClCompile Include="JClientProcess.cpp">
      <Filter>Source Files</Filter>
    </ClCompile>
    <ClCompile Include="JEntityProcess.cpp">
      <Filter>Source Files</Filter>
    </ClCompile>
    <ClCompile Include="JFundInDivProcess.cpp">
      <Filter>Source Files</Filter>
    </ClCompile>
    <ClCompile Include="JFundListProcess.cpp">
      <Filter>Source Files</Filter>
    </ClCompile>
    <ClCompile Include="JFundSrchProcess.cpp">
      <Filter>Source Files</Filter>
    </ClCompile>
    <ClCompile Include="JPendingProcess.cpp">
      <Filter>Source Files</Filter>
    </ClCompile>
    <ClCompile Include="JShrSummProcess.cpp">
      <Filter>Source Files</Filter>
    </ClCompile>
    <ClCompile Include="JTradesProcess.cpp">
      <Filter>Source Files</Filter>
    </ClCompile>
    <ClCompile Include="KYCBrokerProcess.cpp">
      <Filter>Source Files</Filter>
    </ClCompile>
    <ClCompile Include="MaintenanceProcess.cpp">
      <Filter>Source Files</Filter>
    </ClCompile>
    <ClCompile Include="ManagementCompanyProcess.cpp">
      <Filter>Source Files</Filter>
    </ClCompile>
    <ClCompile Include="MatchTransferProcess.cpp">
      <Filter>Source Files</Filter>
    </ClCompile>
    <ClCompile Include="MatSweepInstructionsListProcess.cpp">
      <Filter>Source Files</Filter>
    </ClCompile>
    <ClCompile Include="MFCANInterProcParam.cpp">
      <Filter>Source Files</Filter>
    </ClCompile>
    <ClCompile Include="MgmtCoRefreshProcess.cpp">
      <Filter>Source Files</Filter>
    </ClCompile>
    <ClCompile Include="MgmtDetailsProcess.cpp">
      <Filter>Source Files</Filter>
    </ClCompile>
    <ClCompile Include="MinMaxInfoProcess.cpp">
      <Filter>Source Files</Filter>
    </ClCompile>
    <ClCompile Include="MktIndexMasterMaintProcess.cpp">
      <Filter>Source Files</Filter>
    </ClCompile>
    <ClCompile Include="MktIndexValuesMaintProcess.cpp">
      <Filter>Source Files</Filter>
    </ClCompile>
    <ClCompile Include="MsgDetailProcess.cpp">
      <Filter>Source Files</Filter>
    </ClCompile>
    <ClCompile Include="MsgProcess.cpp">
      <Filter>Source Files</Filter>
    </ClCompile>
    <ClCompile Include="MsgSearchProcess.cpp">
      <Filter>Source Files</Filter>
    </ClCompile>
    <ClCompile Include="MultiFundAllocationProcess.cpp">
      <Filter>Source Files</Filter>
    </ClCompile>
    <ClCompile Include="NASUProcess.cpp">
      <Filter>Source Files</Filter>
    </ClCompile>
    <ClCompile Include="OPCConfirmReprintProcess.cpp">
      <Filter>Source Files</Filter>
    </ClCompile>
    <ClCompile Include="PaymentInstructionsProcess.cpp">
      <Filter>Source Files</Filter>
    </ClCompile>
    <ClCompile Include="PayToEntityProcess.cpp">
      <Filter>Source Files</Filter>
    </ClCompile>
    <ClCompile Include="PensionInfoProcess.cpp">
      <Filter>Source Files</Filter>
    </ClCompile>
    <ClCompile Include="persistentusersession.cpp">
      <Filter>Source Files</Filter>
    </ClCompile>
    <ClCompile Include="PrinterProcess.cpp">
      <Filter>Source Files</Filter>
    </ClCompile>
    <ClCompile Include="processids.cpp">
      <Filter>Source Files</Filter>
    </ClCompile>
    <ClCompile Include="ProgressCtrlProcess.cpp">
      <Filter>Source Files</Filter>
    </ClCompile>
    <ClCompile Include="ProgressiveIntRateProcess.cpp">
      <Filter>Source Files</Filter>
    </ClCompile>
    <ClCompile Include="ProtectedFundProcess.cpp">
      <Filter>Source Files</Filter>
    </ClCompile>
    <ClCompile Include="PSEEAPProcess.cpp">
      <Filter>Source Files</Filter>
    </ClCompile>
    <ClCompile Include="RebookParamProcess.cpp">
      <Filter>Source Files</Filter>
    </ClCompile>
    <ClCompile Include="RebookProcess.cpp">
      <Filter>Source Files</Filter>
    </ClCompile>
    <ClCompile Include="RedCodeByTaxTypeProcess.cpp">
      <Filter>Source Files</Filter>
    </ClCompile>
    <ClCompile Include="RegDocumentListProcess.cpp">
      <Filter>Source Files</Filter>
    </ClCompile>
    <ClCompile Include="RemarksProcess.cpp">
      <Filter>Source Files</Filter>
    </ClCompile>
    <ClCompile Include="ReportProcess.cpp">
      <Filter>Source Files</Filter>
    </ClCompile>
    <ClCompile Include="ReportStatusProcess.cpp">
      <Filter>Source Files</Filter>
    </ClCompile>
    <ClCompile Include="ReportViewProcess.cpp">
      <Filter>Source Files</Filter>
    </ClCompile>
    <ClCompile Include="ResetInstrProcess.cpp">
      <Filter>Source Files</Filter>
    </ClCompile>
    <ClCompile Include="RESPAcctInfoProcess.cpp">
      <Filter>Source Files</Filter>
    </ClCompile>
    <ClCompile Include="RESPBeneficiaryAllocationListProcess.cpp">
      <Filter>Source Files</Filter>
    </ClCompile>
    <ClCompile Include="RespBenRelProcess.cpp">
      <Filter>Source Files</Filter>
    </ClCompile>
    <ClCompile Include="RESPInfoProcess.cpp">
      <Filter>Source Files</Filter>
    </ClCompile>
    <ClCompile Include="RESPTransactionsProcess.cpp">
      <Filter>Source Files</Filter>
    </ClCompile>
    <ClCompile Include="RESPTransfersProcess.cpp">
      <Filter>Source Files</Filter>
    </ClCompile>
    <ClCompile Include="RRIF_LIF_LRIF_InfoProcess.cpp">
      <Filter>Source Files</Filter>
    </ClCompile>
    <ClCompile Include="SalesRepProcess.cpp">
      <Filter>Source Files</Filter>
    </ClCompile>
    <ClCompile Include="SavingsDirectiveProcess.cpp">
      <Filter>Source Files</Filter>
    </ClCompile>
    <ClCompile Include="SearchProcess.cpp">
      <Filter>Source Files</Filter>
    </ClCompile>
    <ClCompile Include="SetDataServerProcess.cpp">
      <Filter>Source Files</Filter>
    </ClCompile>
    <ClCompile Include="SettlementInstrProcess.cpp">
      <Filter>Source Files</Filter>
    </ClCompile>
    <ClCompile Include="SettlementProcess.cpp">
      <Filter>Source Files</Filter>
    </ClCompile>
    <ClCompile Include="ShareholderProcess.cpp">
      <Filter>Source Files</Filter>
    </ClCompile>
    <ClCompile Include="ShrFamilyProcess.cpp">
      <Filter>Source Files</Filter>
    </ClCompile>
    <ClCompile Include="ShrFundBrokerProcess.cpp">
      <Filter>Source Files</Filter>
    </ClCompile>
    <ClCompile Include="ShrFundSponsorAgreementProcess.cpp">
      <Filter>Source Files</Filter>
    </ClCompile>
    <ClCompile Include="SplitCommissionsProcess.cpp">
      <Filter>Source Files</Filter>
    </ClCompile>
    <ClCompile Include="stdafx.cpp">
      <Filter>Source Files</Filter>
    </ClCompile>
    <ClCompile Include="SysIndexProcess.cpp">
      <Filter>Source Files</Filter>
    </ClCompile>
    <ClCompile Include="SysLvlSettlementInstrProcess.cpp">
      <Filter>Source Files</Filter>
    </ClCompile>
    <ClCompile Include="SystematicFeeProcess.cpp">
      <Filter>Source Files</Filter>
    </ClCompile>
    <ClCompile Include="SystematicProcess.cpp">
      <Filter>Source Files</Filter>
    </ClCompile>
    <ClCompile Include="TaxExemptAuthorizationProcess.cpp">
      <Filter>Source Files</Filter>
    </ClCompile>
    <ClCompile Include="TaxRatesProcess.cpp">
      <Filter>Source Files</Filter>
    </ClCompile>
    <ClCompile Include="TradePayInstructProcess.cpp">
      <Filter>Source Files</Filter>
    </ClCompile>
    <ClCompile Include="TradeSearchProcess.cpp">
      <Filter>Source Files</Filter>
    </ClCompile>
    <ClCompile Include="TradeSettleLocationsProcess.cpp">
      <Filter>Source Files</Filter>
    </ClCompile>
    <ClCompile Include="TradesProcess.cpp">
      <Filter>Source Files</Filter>
    </ClCompile>
    <ClCompile Include="TradeVerificationProcess.cpp">
      <Filter>Source Files</Filter>
    </ClCompile>
    <ClCompile Include="TransactionAllocationsProcess.cpp">
      <Filter>Source Files</Filter>
    </ClCompile>
    <ClCompile Include="TransactionLinkProcess.cpp">
      <Filter>Source Files</Filter>
    </ClCompile>
    <ClCompile Include="TransactionSummaryProcess.cpp">
      <Filter>Source Files</Filter>
    </ClCompile>
    <ClCompile Include="TransCancelProcess.cpp">
      <Filter>Source Files</Filter>
    </ClCompile>
    <ClCompile Include="TransHistoryProcess.cpp">
      <Filter>Source Files</Filter>
    </ClCompile>
    <ClCompile Include="TransitsProcess.cpp">
      <Filter>Source Files</Filter>
    </ClCompile>
    <ClCompile Include="TransSettlementInstrProcess.cpp">
      <Filter>Source Files</Filter>
    </ClCompile>
    <ClCompile Include="UnitFactorProcess.cpp">
      <Filter>Source Files</Filter>
    </ClCompile>
    <ClCompile Include="UserDefMatProcess.cpp">
      <Filter>Source Files</Filter>
    </ClCompile>
    <ClCompile Include="UserSessionProcess.cpp">
      <Filter>Source Files</Filter>
    </ClCompile>
    <ClCompile Include="ValueVariationProcess.cpp">
      <Filter>Source Files</Filter>
    </ClCompile>
    <ClCompile Include="VerificationConfProcess.cpp">
      <Filter>Source Files</Filter>
    </ClCompile>
    <ClCompile Include="WhereUsedProcess.cpp">
      <Filter>Source Files</Filter>
    </ClCompile>
    <ClCompile Include="WorkSessionProcess.cpp">
      <Filter>Source Files</Filter>
    </ClCompile>
    <ClCompile Include="YTDContributionProcess.cpp">
      <Filter>Source Files</Filter>
    </ClCompile>
    <ClCompile Include="AWDHistoryProcess.cpp">
      <Filter>Source Files</Filter>
    </ClCompile>
    <ClCompile Include="FeeModelCopyToGroupProcess.cpp">
      <Filter>Source Files</Filter>
    </ClCompile>
    <ClCompile Include="EntityRegDetailsProcess.cpp">
      <Filter>Source Files</Filter>
    </ClCompile>
    <ClCompile Include="AlertMessagesProcess.cpp">
      <Filter>Source Files</Filter>
    </ClCompile>
    <ClCompile Include="ExternalInstitutionSearchProcess.cpp">
      <Filter>Source Files</Filter>
    </ClCompile>
    <ClCompile Include="RefundProcess.cpp">
      <Filter>Source Files</Filter>
    </ClCompile>
    <ClCompile Include="RegPlanTransferProcess.cpp">
      <Filter>Source Files</Filter>
    </ClCompile>
    <ClCompile Include="RegPlanTransferSearchProcess.cpp">
      <Filter>Source Files</Filter>
    </ClCompile>
    <ClCompile Include="AcctRoundingRuleProcess.cpp">
      <Filter>Source Files</Filter>
    </ClCompile>
    <ClCompile Include="PriceAdditionalProcess.cpp">
      <Filter>Source Files</Filter>
    </ClCompile>
    <ClCompile Include="AMSHypoAllocProcess.cpp">
      <Filter>Source Files</Filter>
    </ClCompile>
    <ClCompile Include="AWDHistoryBrowserProcess.cpp">
      <Filter>Source Files</Filter>
    </ClCompile>
    <ClCompile Include="AMSDeltaAllocProcess.cpp">
      <Filter>Source Files</Filter>
    </ClCompile>
    <ClCompile Include="RDSPTransfersProcess.cpp">
      <Filter>Source Files</Filter>
    </ClCompile>
  </ItemGroup>
  <ItemGroup>
    <ClInclude Include="ACBProcess.hpp">
      <Filter>Header Files</Filter>
    </ClInclude>
    <ClInclude Include="ACBProcessIncludes.h">
      <Filter>Header Files</Filter>
    </ClInclude>
    <ClInclude Include="AccDetailsProcess.hpp">
      <Filter>Header Files</Filter>
    </ClInclude>
    <ClInclude Include="AccDetailsProcessIncludes.h">
      <Filter>Header Files</Filter>
    </ClInclude>
    <ClInclude Include="AccInfoProcess.hpp">
      <Filter>Header Files</Filter>
    </ClInclude>
    <ClInclude Include="AccInfoProcessIncludes.h">
      <Filter>Header Files</Filter>
    </ClInclude>
    <ClInclude Include="AccountAllocationsProcess.hpp">
      <Filter>Header Files</Filter>
    </ClInclude>
    <ClInclude Include="AccountAllocationsProcessIncludes.h">
      <Filter>Header Files</Filter>
    </ClInclude>
    <ClInclude Include="AccountCommitmentProcess.hpp">
      <Filter>Header Files</Filter>
    </ClInclude>
    <ClInclude Include="AccountCommitmentProcessIncludes.h">
      <Filter>Header Files</Filter>
    </ClInclude>
    <ClInclude Include="AccountContractProcess.hpp">
      <Filter>Header Files</Filter>
    </ClInclude>
    <ClInclude Include="AccountContractProcessIncludes.h">
      <Filter>Header Files</Filter>
    </ClInclude>
    <ClInclude Include="AccountDistributionProcess.hpp">
      <Filter>Header Files</Filter>
    </ClInclude>
    <ClInclude Include="AccountDistributionProcessIncludes.h">
      <Filter>Header Files</Filter>
    </ClInclude>
    <ClInclude Include="AccountHoldingsInquiryProcess.hpp">
      <Filter>Header Files</Filter>
    </ClInclude>
    <ClInclude Include="AccountHoldingsInquiryProcessIncludes.h">
      <Filter>Header Files</Filter>
    </ClInclude>
    <ClInclude Include="AccountInquiryProcess.hpp">
      <Filter>Header Files</Filter>
    </ClInclude>
    <ClInclude Include="AccountInquiryProcessIncludes.h">
      <Filter>Header Files</Filter>
    </ClInclude>
    <ClInclude Include="AccountRegDetailsProcess.hpp">
      <Filter>Header Files</Filter>
    </ClInclude>
    <ClInclude Include="AccountRegDetailsProcessIncludes.h">
      <Filter>Header Files</Filter>
    </ClInclude>
    <ClInclude Include="AccountReviewProcess.hpp">
      <Filter>Header Files</Filter>
    </ClInclude>
    <ClInclude Include="AccountReviewProcessIncludes.h">
      <Filter>Header Files</Filter>
    </ClInclude>
    <ClInclude Include="AccountSearchProcess.hpp">
      <Filter>Header Files</Filter>
    </ClInclude>
    <ClInclude Include="AccountSearchProcessIncludes.h">
      <Filter>Header Files</Filter>
    </ClInclude>
    <ClInclude Include="AccrualsProcess.hpp">
      <Filter>Header Files</Filter>
    </ClInclude>
    <ClInclude Include="AccrualsProcessIncludes.h">
      <Filter>Header Files</Filter>
    </ClInclude>
    <ClInclude Include="AcctCategoryProcess.hpp">
      <Filter>Header Files</Filter>
    </ClInclude>
    <ClInclude Include="AcctCategoryProcessIncludes.h">
      <Filter>Header Files</Filter>
    </ClInclude>
    <ClInclude Include="AcctCutOffTimesProcess.hpp">
      <Filter>Header Files</Filter>
    </ClInclude>
    <ClInclude Include="AcctCutOffTimesProcessIncludes.h">
      <Filter>Header Files</Filter>
    </ClInclude>
    <ClInclude Include="AcctGuaranteeGuardOptProcess.hpp">
      <Filter>Header Files</Filter>
    </ClInclude>
    <ClInclude Include="AcctGuaranteeGuardOptProcessIncludes.h">
      <Filter>Header Files</Filter>
    </ClInclude>
    <ClInclude Include="AcctSettlementInstrProcess.hpp">
      <Filter>Header Files</Filter>
    </ClInclude>
    <ClInclude Include="AcctSettlementInstrProcessIncludes.h">
      <Filter>Header Files</Filter>
    </ClInclude>
    <ClInclude Include="AcctSettlementRuleProcess.hpp">
      <Filter>Header Files</Filter>
    </ClInclude>
    <ClInclude Include="AcctSettlementRuleProcessIncludes.h">
      <Filter>Header Files</Filter>
    </ClInclude>
    <ClInclude Include="AcctSplitCommProcess.hpp">
      <Filter>Header Files</Filter>
    </ClInclude>
    <ClInclude Include="AcctSplitCommProcessIncludes.h">
      <Filter>Header Files</Filter>
    </ClInclude>
    <ClInclude Include="ActiveBatchProcess.hpp">
      <Filter>Header Files</Filter>
    </ClInclude>
    <ClInclude Include="AddressProcess.hpp">
      <Filter>Header Files</Filter>
    </ClInclude>
    <ClInclude Include="AddressProcessIncludes.h">
      <Filter>Header Files</Filter>
    </ClInclude>
    <ClInclude Include="AddrTaxJurisUpdateProcess.hpp">
      <Filter>Header Files</Filter>
    </ClInclude>
    <ClInclude Include="AdminDatesProcess.hpp">
      <Filter>Header Files</Filter>
    </ClInclude>
    <ClInclude Include="admindatesprocessincludes.h">
      <Filter>Header Files</Filter>
    </ClInclude>
    <ClInclude Include="AggregatedOrderProcess.hpp">
      <Filter>Header Files</Filter>
    </ClInclude>
    <ClInclude Include="AggregatedOrderProcessInclude.h">
      <Filter>Header Files</Filter>
    </ClInclude>
    <ClInclude Include="AllFundInfoProcess.hpp">
      <Filter>Header Files</Filter>
    </ClInclude>
    <ClInclude Include="AllFundInfoProcessIncludes.h">
      <Filter>Header Files</Filter>
    </ClInclude>
    <ClInclude Include="AllocationSplitProcess.hpp">
      <Filter>Header Files</Filter>
    </ClInclude>
    <ClInclude Include="AllocationSplitProcessIncludes.h">
      <Filter>Header Files</Filter>
    </ClInclude>
    <ClInclude Include="AllocationsProcess.hpp">
      <Filter>Header Files</Filter>
    </ClInclude>
    <ClInclude Include="AllocationsProcessIncludes.h">
      <Filter>Header Files</Filter>
    </ClInclude>
    <ClInclude Include="AMSAcctLvlProcess.hpp">
      <Filter>Header Files</Filter>
    </ClInclude>
    <ClInclude Include="AMSAcctLvlProcessIncludes.h">
      <Filter>Header Files</Filter>
    </ClInclude>
    <ClInclude Include="AmsLmtOverrideProcess.hpp">
      <Filter>Header Files</Filter>
    </ClInclude>
    <ClInclude Include="AmsLmtOverrideProcessIncludes.h">
      <Filter>Header Files</Filter>
    </ClInclude>
    <ClInclude Include="AMSMstProcess.hpp">
      <Filter>Header Files</Filter>
    </ClInclude>
    <ClInclude Include="AMSMstProcessIncludes.h">
      <Filter>Header Files</Filter>
    </ClInclude>
    <ClInclude Include="APINASUProcess.hpp">
      <Filter>Header Files</Filter>
    </ClInclude>
    <ClInclude Include="AsPensionPlanProcess.hpp">
      <Filter>Header Files</Filter>
    </ClInclude>
    <ClInclude Include="AsPensionPlanProcessIncludes.h">
      <Filter>Header Files</Filter>
    </ClInclude>
    <ClInclude Include="AvailabilityProcess.hpp">
      <Filter>Header Files</Filter>
    </ClInclude>
    <ClInclude Include="AvailabilityProcessIncludes.h">
      <Filter>Header Files</Filter>
    </ClInclude>
    <ClInclude Include="BankAcctProcessIncludes.h">
      <Filter>Header Files</Filter>
    </ClInclude>
    <ClInclude Include="BankInstructionsProcess.hpp">
      <Filter>Header Files</Filter>
    </ClInclude>
    <ClInclude Include="BankInstructionsProcessIncludes.h">
      <Filter>Header Files</Filter>
    </ClInclude>
    <ClInclude Include="BPAggeratedOrderProcess.hpp">
      <Filter>Header Files</Filter>
    </ClInclude>
    <ClInclude Include="BranchProcess.hpp">
      <Filter>Header Files</Filter>
    </ClInclude>
    <ClInclude Include="BranchProcessIncludes.h">
      <Filter>Header Files</Filter>
    </ClInclude>
    <ClInclude Include="BrokerAddressProcess.hpp">
      <Filter>Header Files</Filter>
    </ClInclude>
    <ClInclude Include="BrokerAddressProcessIncludes.h">
      <Filter>Header Files</Filter>
    </ClInclude>
    <ClInclude Include="BrokerAMSProcess.hpp">
      <Filter>Header Files</Filter>
    </ClInclude>
    <ClInclude Include="BrokerAMSProcessIncludes.h">
      <Filter>Header Files</Filter>
    </ClInclude>
    <ClInclude Include="BrokerProcess.hpp">
      <Filter>Header Files</Filter>
    </ClInclude>
    <ClInclude Include="BrokerProcessIncludes.h">
      <Filter>Header Files</Filter>
    </ClInclude>
    <ClInclude Include="BrokerRemarkProcess.hpp">
      <Filter>Header Files</Filter>
    </ClInclude>
    <ClInclude Include="BrokerRemarkProcessIncludes.h">
      <Filter>Header Files</Filter>
    </ClInclude>
    <ClInclude Include="BrowserLaunchProcess.hpp">
      <Filter>Header Files</Filter>
    </ClInclude>
    <ClInclude Include="CancellationInstrProcess.hpp">
      <Filter>Header Files</Filter>
    </ClInclude>
    <ClInclude Include="CancellationInstrProcessIncludes.h">
      <Filter>Header Files</Filter>
    </ClInclude>
    <ClInclude Include="CertificateProcess.hpp">
      <Filter>Header Files</Filter>
    </ClInclude>
    <ClInclude Include="CertificateProcessIncludes.h">
      <Filter>Header Files</Filter>
    </ClInclude>
    <ClInclude Include="ChequeProcess.hpp">
      <Filter>Header Files</Filter>
    </ClInclude>
    <ClInclude Include="ChequeProcessIncludes.h">
      <Filter>Header Files</Filter>
    </ClInclude>
    <ClInclude Include="CleanupProcess.hpp">
      <Filter>Header Files</Filter>
    </ClInclude>
    <ClInclude Include="CloneAccountProcess.hpp">
      <Filter>Header Files</Filter>
    </ClInclude>
    <ClInclude Include="CloneAccountProcessIncludes.h">
      <Filter>Header Files</Filter>
    </ClInclude>
    <ClInclude Include="COAProcess.hpp">
      <Filter>Header Files</Filter>
    </ClInclude>
    <ClInclude Include="COAProcessIncludes.h">
      <Filter>Header Files</Filter>
    </ClInclude>
    <ClInclude Include="ConfirmationProcess.hpp">
      <Filter>Header Files</Filter>
    </ClInclude>
    <ClInclude Include="ConfirmationProcessIncludes.h">
      <Filter>Header Files</Filter>
    </ClInclude>
    <ClInclude Include="ConfirmReprintProcess.hpp">
      <Filter>Header Files</Filter>
    </ClInclude>
    <ClInclude Include="ConfirmReprintProcessincludes.h">
      <Filter>Header Files</Filter>
    </ClInclude>
    <ClInclude Include="ContractInfoProcess.hpp">
      <Filter>Header Files</Filter>
    </ClInclude>
    <ClInclude Include="ContractInfoProcessIncludes.h">
      <Filter>Header Files</Filter>
    </ClInclude>
    <ClInclude Include="ContractMaturityInstructionProcess.hpp">
      <Filter>Header Files</Filter>
    </ClInclude>
    <ClInclude Include="ContractMaturityInstructionsProcessIncludes.h">
      <Filter>Header Files</Filter>
    </ClInclude>
    <ClInclude Include="DailyTransactionFeesProcess.hpp">
      <Filter>Header Files</Filter>
    </ClInclude>
    <ClInclude Include="DailyTransactionFeesProcessincludes.h">
      <Filter>Header Files</Filter>
    </ClInclude>
    <ClInclude Include="DemographicsProcess.hpp">
      <Filter>Header Files</Filter>
    </ClInclude>
    <ClInclude Include="DemographicsProcessIncludes.h">
      <Filter>Header Files</Filter>
    </ClInclude>
    <ClInclude Include="DilutionProcess.hpp">
      <Filter>Header Files</Filter>
    </ClInclude>
    <ClInclude Include="DilutionProcessIncludes.h">
      <Filter>Header Files</Filter>
    </ClInclude>
    <ClInclude Include="DirectTradingProcess.hpp">
      <Filter>Header Files</Filter>
    </ClInclude>
    <ClInclude Include="DirectTradingProcessIncludes.h">
      <Filter>Header Files</Filter>
    </ClInclude>
    <ClInclude Include="DSTCDataBrokerConditions.h">
      <Filter>Header Files</Filter>
    </ClInclude>
    <ClInclude Include="DSTCDbrkrCndIncludes.h">
      <Filter>Header Files</Filter>
    </ClInclude>
    <ClInclude Include="EntityAddressSearchProcess.hpp">
      <Filter>Header Files</Filter>
    </ClInclude>
    <ClInclude Include="EntityAddressSearchProcessIncludes.h">
      <Filter>Header Files</Filter>
    </ClInclude>
    <ClInclude Include="EntityAloneProcess.hpp">
      <Filter>Header Files</Filter>
    </ClInclude>
    <ClInclude Include="EntityAloneProcessIncludes.h">
      <Filter>Header Files</Filter>
    </ClInclude>
    <ClInclude Include="EntityProcess.hpp">
      <Filter>Header Files</Filter>
    </ClInclude>
    <ClInclude Include="EntityProcessIncludes.h">
      <Filter>Header Files</Filter>
    </ClInclude>
    <ClInclude Include="EntitySearchProcess.hpp">
      <Filter>Header Files</Filter>
    </ClInclude>
    <ClInclude Include="EntitySearchProcessIncludes.h">
      <Filter>Header Files</Filter>
    </ClInclude>
    <ClInclude Include="ESoPHistoricalProcess.hpp">
      <Filter>Header Files</Filter>
    </ClInclude>
    <ClInclude Include="ESoPHistoricalProcessIncludes.h">
      <Filter>Header Files</Filter>
    </ClInclude>
    <ClInclude Include="ESoPInfoProcess.hpp">
      <Filter>Header Files</Filter>
    </ClInclude>
    <ClInclude Include="ESoPInfoProcessIncludes.h">
      <Filter>Header Files</Filter>
    </ClInclude>
    <ClInclude Include="EstateAllocationProcess.hpp">
      <Filter>Header Files</Filter>
    </ClInclude>
    <ClInclude Include="EStatementProcess.hpp">
      <Filter>Header Files</Filter>
    </ClInclude>
    <ClInclude Include="EStatementProcessIncludes.h">
      <Filter>Header Files</Filter>
    </ClInclude>
    <ClInclude Include="eTrackHeader.h">
      <Filter>Header Files</Filter>
    </ClInclude>
    <ClInclude Include="FeaturesSearchProcess.hpp">
      <Filter>Header Files</Filter>
    </ClInclude>
    <ClInclude Include="FeaturesSearchProcessIncludes.h">
      <Filter>Header Files</Filter>
    </ClInclude>
    <ClInclude Include="FeeModelProcess.hpp">
      <Filter>Header Files</Filter>
    </ClInclude>
    <ClInclude Include="FeeModelProcessInclude.h">
      <Filter>Header Files</Filter>
    </ClInclude>
    <ClInclude Include="FeeParamMaintProcess.hpp">
      <Filter>Header Files</Filter>
    </ClInclude>
    <ClInclude Include="FeeParamMaintProcessInclude.h">
      <Filter>Header Files</Filter>
    </ClInclude>
    <ClInclude Include="FeeParamProcess.hpp">
      <Filter>Header Files</Filter>
    </ClInclude>
    <ClInclude Include="FeeParamProcessInclude.h">
      <Filter>Header Files</Filter>
    </ClInclude>
    <ClInclude Include="FeeParamSysProcess.hpp">
      <Filter>Header Files</Filter>
    </ClInclude>
    <ClInclude Include="FeeParamSysProcessInclude.hpp">
      <Filter>Header Files</Filter>
    </ClInclude>
    <ClInclude Include="FileInquiryProcess.hpp">
      <Filter>Header Files</Filter>
    </ClInclude>
    <ClInclude Include="FileInquiryProcessInclude.h">
      <Filter>Header Files</Filter>
    </ClInclude>
    <ClInclude Include="FileSearchProcess.hpp">
      <Filter>Header Files</Filter>
    </ClInclude>
    <ClInclude Include="FileSearchProcessInclude.h">
      <Filter>Header Files</Filter>
    </ClInclude>
    <ClInclude Include="FillSearchCriteriaProcess.hpp">
      <Filter>Header Files</Filter>
    </ClInclude>
    <ClInclude Include="FillSearchCriteriaProcessIncludes.h">
      <Filter>Header Files</Filter>
    </ClInclude>
    <ClInclude Include="FinancialInstitutionProcessIncludes.h">
      <Filter>Header Files</Filter>
    </ClInclude>
    <ClInclude Include="FinancialInstitutionSearchProcessIncludes.h">
      <Filter>Header Files</Filter>
    </ClInclude>
    <ClInclude Include="FireFighterLogonProcess.hpp">
      <Filter>Header Files</Filter>
    </ClInclude>
    <ClInclude Include="FireFighterLogonProcessIncludes.h">
      <Filter>Header Files</Filter>
    </ClInclude>
    <ClInclude Include="flagitemlist.hpp">
      <Filter>Header Files</Filter>
    </ClInclude>
    <ClInclude Include="ForeignContentWorksheetProcess.hpp">
      <Filter>Header Files</Filter>
    </ClInclude>
    <ClInclude Include="ForeignContentWorksheetProcessincludes.h">
      <Filter>Header Files</Filter>
    </ClInclude>
    <ClInclude Include="FreeUnitProcess.hpp">
      <Filter>Header Files</Filter>
    </ClInclude>
    <ClInclude Include="FreeUnitProcessIncludes.h">
      <Filter>Header Files</Filter>
    </ClInclude>
    <ClInclude Include="FromToAllocationProcess.hpp">
      <Filter>Header Files</Filter>
    </ClInclude>
    <ClInclude Include="FromToAllocationProcessIncludes.h">
      <Filter>Header Files</Filter>
    </ClInclude>
    <ClInclude Include="FTPLogonProcess.hpp">
      <Filter>Header Files</Filter>
    </ClInclude>
    <ClInclude Include="FTPLogonProcessIncludes.h">
      <Filter>Header Files</Filter>
    </ClInclude>
    <ClInclude Include="FundBrokerProcess.hpp">
      <Filter>Header Files</Filter>
    </ClInclude>
    <ClInclude Include="FundBrokerProcessInclude.h">
      <Filter>Header Files</Filter>
    </ClInclude>
    <ClInclude Include="FundBrokerSettlementInstrProcess.hpp">
      <Filter>Header Files</Filter>
    </ClInclude>
    <ClInclude Include="FundBrokerSettlementInstrProcessIncludes.h">
      <Filter>Header Files</Filter>
    </ClInclude>
    <ClInclude Include="FundClassProcess.hpp">
      <Filter>Header Files</Filter>
    </ClInclude>
    <ClInclude Include="FundClassProcessIncludes.h">
      <Filter>Header Files</Filter>
    </ClInclude>
    <ClInclude Include="FundGroupProcess.hpp">
      <Filter>Header Files</Filter>
    </ClInclude>
    <ClInclude Include="FundGroupProcessIncludes.h">
      <Filter>Header Files</Filter>
    </ClInclude>
    <ClInclude Include="FundInfoProcess.hpp">
      <Filter>Header Files</Filter>
    </ClInclude>
    <ClInclude Include="FundInfoProcessIncludes.h">
      <Filter>Header Files</Filter>
    </ClInclude>
    <ClInclude Include="FundSponsorFeeModelProcess.hpp">
      <Filter>Header Files</Filter>
    </ClInclude>
    <ClInclude Include="FundSponsorFeeModelProcessInclude.h">
      <Filter>Header Files</Filter>
    </ClInclude>
    <ClInclude Include="GIAInvAttribProcess.hpp">
      <Filter>Header Files</Filter>
    </ClInclude>
    <ClInclude Include="GIAInvAttribProcessIncludes.h">
      <Filter>Header Files</Filter>
    </ClInclude>
    <ClInclude Include="GIInvestmentDetailsProcess.hpp">
      <Filter>Header Files</Filter>
    </ClInclude>
    <ClInclude Include="GIInvestmentDetailsProcessIncludes.h">
      <Filter>Header Files</Filter>
    </ClInclude>
    <ClInclude Include="GuaranteeInfoProcess.hpp">
      <Filter>Header Files</Filter>
    </ClInclude>
    <ClInclude Include="GuaranteeInfoProcessIncludes.h">
      <Filter>Header Files</Filter>
    </ClInclude>
    <ClInclude Include="HistoricalAccountProcess.hpp">
      <Filter>Header Files</Filter>
    </ClInclude>
    <ClInclude Include="HistoricalAccountProcessIncludes.h">
      <Filter>Header Files</Filter>
    </ClInclude>
    <ClInclude Include="HistoricalInfoProcess.hpp">
      <Filter>Header Files</Filter>
    </ClInclude>
    <ClInclude Include="HistoricalInfoProcessIncludes.hpp">
      <Filter>Header Files</Filter>
    </ClInclude>
    <ClInclude Include="HistoricalInfoSearchProcess.hpp">
      <Filter>Header Files</Filter>
    </ClInclude>
    <ClInclude Include="HistoricalInfoSearchProcessIncludes.hpp">
      <Filter>Header Files</Filter>
    </ClInclude>
    <ClInclude Include="HistoricalMarketValueProcess.hpp">
      <Filter>Header Files</Filter>
    </ClInclude>
    <ClInclude Include="HistoricalMarketValueProcessIncludes.h">
      <Filter>Header Files</Filter>
    </ClInclude>
    <ClInclude Include="HistoricalSystematicIndexProcess.hpp">
      <Filter>Header Files</Filter>
    </ClInclude>
    <ClInclude Include="HistoricalSystematicIndexProcessIncludes.h">
      <Filter>Header Files</Filter>
    </ClInclude>
    <ClInclude Include="HoldingCompProcess.hpp">
      <Filter>Header Files</Filter>
    </ClInclude>
    <ClInclude Include="HoldingCompProcessInclude.h">
      <Filter>Header Files</Filter>
    </ClInclude>
    <ClInclude Include="HypoRedProcess.hpp">
      <Filter>Header Files</Filter>
    </ClInclude>
    <ClInclude Include="HypoRedProcessIncludes.h">
      <Filter>Header Files</Filter>
    </ClInclude>
    <ClInclude Include="HypotheticalRedProcess.hpp">
      <Filter>Header Files</Filter>
    </ClInclude>
    <ClInclude Include="HypotheticalRedProcessIncludes.h">
      <Filter>Header Files</Filter>
    </ClInclude>
    <ClInclude Include="IdCallerProcess.hpp">
      <Filter>Header Files</Filter>
    </ClInclude>
    <ClInclude Include="IdentAccProcess.hpp">
      <Filter>Header Files</Filter>
    </ClInclude>
    <ClInclude Include="IdentAccProcessIncludes.h">
      <Filter>Header Files</Filter>
    </ClInclude>
    <ClInclude Include="ifasthistoricalparameters.hpp">
      <Filter>Header Files</Filter>
    </ClInclude>
    <ClInclude Include="InterestAccrualProcessIncludes.h">
      <Filter>Header Files</Filter>
    </ClInclude>
    <ClInclude Include="InterestSegmentProcess.hpp">
      <Filter>Header Files</Filter>
    </ClInclude>
    <ClInclude Include="InterestSegmentProcessIncludes.h">
      <Filter>Header Files</Filter>
    </ClInclude>
    <ClInclude Include="InvDetlDeductionProcess.hpp">
      <Filter>Header Files</Filter>
    </ClInclude>
    <ClInclude Include="InvDetlDeductionProcessIncludes.h">
      <Filter>Header Files</Filter>
    </ClInclude>
    <ClInclude Include="InventorySummaryProcess.hpp">
      <Filter>Header Files</Filter>
    </ClInclude>
    <ClInclude Include="InventorySummaryProcessIncludes.h">
      <Filter>Header Files</Filter>
    </ClInclude>
    <ClInclude Include="InvestmentHistoryProcess.hpp">
      <Filter>Header Files</Filter>
    </ClInclude>
    <ClInclude Include="InvestmentHistoryProcessIncludes.h">
      <Filter>Header Files</Filter>
    </ClInclude>
    <ClInclude Include="InvestorAuthorizationInfoProcess.hpp">
      <Filter>Header Files</Filter>
    </ClInclude>
    <ClInclude Include="InvestorAuthorizationInfoProcessIncludes.h">
      <Filter>Header Files</Filter>
    </ClInclude>
    <ClInclude Include="JAcctDetlProcess.hpp">
      <Filter>Header Files</Filter>
    </ClInclude>
    <ClInclude Include="JAcctDetlProcessIncludes.h">
      <Filter>Header Files</Filter>
    </ClInclude>
    <ClInclude Include="JAcctMailPrdOverrideProcess.hpp">
      <Filter>Header Files</Filter>
    </ClInclude>
    <ClInclude Include="JAcctMailPrdOverrideProcessIncludes.h">
      <Filter>Header Files</Filter>
    </ClInclude>
    <ClInclude Include="JAcctMailProcess.hpp">
      <Filter>Header Files</Filter>
    </ClInclude>
    <ClInclude Include="JAcctMailProcessIncludes.h">
      <Filter>Header Files</Filter>
    </ClInclude>
    <ClInclude Include="JAcctTransProcess.hpp">
      <Filter>Header Files</Filter>
    </ClInclude>
    <ClInclude Include="JAcctTransProcessIncludes.h">
      <Filter>Header Files</Filter>
    </ClInclude>
    <ClInclude Include="JAdvisorInfoProcess.hpp">
      <Filter>Header Files</Filter>
    </ClInclude>
    <ClInclude Include="JAdvisorInfoProcessIncludes.h">
      <Filter>Header Files</Filter>
    </ClInclude>
    <ClInclude Include="JAdvisorSummProcess.hpp">
      <Filter>Header Files</Filter>
    </ClInclude>
    <ClInclude Include="JAdvisorSummProcessIncludes.h">
      <Filter>Header Files</Filter>
    </ClInclude>
    <ClInclude Include="JAdvisorTransProcess.hpp">
      <Filter>Header Files</Filter>
    </ClInclude>
    <ClInclude Include="JAdvisorTransProcessIncludes.h">
      <Filter>Header Files</Filter>
    </ClInclude>
    <ClInclude Include="JBranchListProcess.hpp">
      <Filter>Header Files</Filter>
    </ClInclude>
    <ClInclude Include="JBranchListProcessIncludes.h">
      <Filter>Header Files</Filter>
    </ClInclude>
    <ClInclude Include="JBrokerListProcess.hpp">
      <Filter>Header Files</Filter>
    </ClInclude>
    <ClInclude Include="JBrokerListProcessIncludes.h">
      <Filter>Header Files</Filter>
    </ClInclude>
    <ClInclude Include="JClientProcess.hpp">
      <Filter>Header Files</Filter>
    </ClInclude>
    <ClInclude Include="JClientProcessIncludes.h">
      <Filter>Header Files</Filter>
    </ClInclude>
    <ClInclude Include="JEntityProcess.hpp">
      <Filter>Header Files</Filter>
    </ClInclude>
    <ClInclude Include="JEntityProcessIncludes.h">
      <Filter>Header Files</Filter>
    </ClInclude>
    <ClInclude Include="JFundInDivProcess.hpp">
      <Filter>Header Files</Filter>
    </ClInclude>
    <ClInclude Include="JFundInDivProcessIncludes.h">
      <Filter>Header Files</Filter>
    </ClInclude>
    <ClInclude Include="JFundListProcess.hpp">
      <Filter>Header Files</Filter>
    </ClInclude>
    <ClInclude Include="JFundListProcessIncludes.h">
      <Filter>Header Files</Filter>
    </ClInclude>
    <ClInclude Include="JFundSrchProcess.hpp">
      <Filter>Header Files</Filter>
    </ClInclude>
    <ClInclude Include="JFundSrchProcessIncludes.h">
      <Filter>Header Files</Filter>
    </ClInclude>
    <ClInclude Include="JPendingProcess.hpp">
      <Filter>Header Files</Filter>
    </ClInclude>
    <ClInclude Include="JpendingProcessIncludes.h">
      <Filter>Header Files</Filter>
    </ClInclude>
    <ClInclude Include="JShrSummProcess.hpp">
      <Filter>Header Files</Filter>
    </ClInclude>
    <ClInclude Include="JShrSummProcessIncludes.h">
      <Filter>Header Files</Filter>
    </ClInclude>
    <ClInclude Include="JTradesProcess.hpp">
      <Filter>Header Files</Filter>
    </ClInclude>
    <ClInclude Include="KYCBrokerProcess.hpp">
      <Filter>Header Files</Filter>
    </ClInclude>
    <ClInclude Include="KYCBrokerProcessIncludes.h">
      <Filter>Header Files</Filter>
    </ClInclude>
    <ClInclude Include="MaintenanceProcess.hpp">
      <Filter>Header Files</Filter>
    </ClInclude>
    <ClInclude Include="MaintenanceProcessIncludes.h">
      <Filter>Header Files</Filter>
    </ClInclude>
    <ClInclude Include="ManagementCompanyProcess.hpp">
      <Filter>Header Files</Filter>
    </ClInclude>
    <ClInclude Include="MatchTransferProcess.hpp">
      <Filter>Header Files</Filter>
    </ClInclude>
    <ClInclude Include="MatchTransferProcessIncludes.h">
      <Filter>Header Files</Filter>
    </ClInclude>
    <ClInclude Include="MatSweepInstructionsListProcess.hpp">
      <Filter>Header Files</Filter>
    </ClInclude>
    <ClInclude Include="MatSweepInstructionsListProcessIncludes.h">
      <Filter>Header Files</Filter>
    </ClInclude>
    <ClInclude Include="MFCANInterProcParam.hpp">
      <Filter>Header Files</Filter>
    </ClInclude>
    <ClInclude Include="MgmtCoRefreshProcess.hpp">
      <Filter>Header Files</Filter>
    </ClInclude>
    <ClInclude Include="MgmtCoRefreshProcessIncludes.h">
      <Filter>Header Files</Filter>
    </ClInclude>
    <ClInclude Include="MgmtDetailsProcess.hpp">
      <Filter>Header Files</Filter>
    </ClInclude>
    <ClInclude Include="MgmtDetailsProcessIncludes.h">
      <Filter>Header Files</Filter>
    </ClInclude>
    <ClInclude Include="MinMaxInfoProcess.hpp">
      <Filter>Header Files</Filter>
    </ClInclude>
    <ClInclude Include="MinMaxInfoProcessIncludes.h">
      <Filter>Header Files</Filter>
    </ClInclude>
    <ClInclude Include="MktIndexMasterMaintProcess.hpp">
      <Filter>Header Files</Filter>
    </ClInclude>
    <ClInclude Include="MktIndexMasterMaintProcessIncludes.h">
      <Filter>Header Files</Filter>
    </ClInclude>
    <ClInclude Include="MktIndexValuesMaintProcess.hpp">
      <Filter>Header Files</Filter>
    </ClInclude>
    <ClInclude Include="MktIndexValuesMaintProcessIncludes.h">
      <Filter>Header Files</Filter>
    </ClInclude>
    <ClInclude Include="MsgDetailProcess.hpp">
      <Filter>Header Files</Filter>
    </ClInclude>
    <ClInclude Include="MsgDetailProcessIncludes.h">
      <Filter>Header Files</Filter>
    </ClInclude>
    <ClInclude Include="MsgProcess.hpp">
      <Filter>Header Files</Filter>
    </ClInclude>
    <ClInclude Include="MsgProcessIncludes.h">
      <Filter>Header Files</Filter>
    </ClInclude>
    <ClInclude Include="MsgSearchProcess.hpp">
      <Filter>Header Files</Filter>
    </ClInclude>
    <ClInclude Include="MsgSearchProcessIncludes.h">
      <Filter>Header Files</Filter>
    </ClInclude>
    <ClInclude Include="MultiFundAllocationProcess.hpp">
      <Filter>Header Files</Filter>
    </ClInclude>
    <ClInclude Include="MultiFundAllocationProcessIncludes.h">
      <Filter>Header Files</Filter>
    </ClInclude>
    <ClInclude Include="NASUProcess.hpp">
      <Filter>Header Files</Filter>
    </ClInclude>
    <ClInclude Include="NASUProcessIncludes.h">
      <Filter>Header Files</Filter>
    </ClInclude>
    <ClInclude Include="OPCConfirmReprintProcess.hpp">
      <Filter>Header Files</Filter>
    </ClInclude>
    <ClInclude Include="PaymentInstructionsProcess.hpp">
      <Filter>Header Files</Filter>
    </ClInclude>
    <ClInclude Include="PaymentInstructionsProcessIncludes.h">
      <Filter>Header Files</Filter>
    </ClInclude>
    <ClInclude Include="PayToEntityProcess.hpp">
      <Filter>Header Files</Filter>
    </ClInclude>
    <ClInclude Include="PayToEntityProcessIncludes.h">
      <Filter>Header Files</Filter>
    </ClInclude>
    <ClInclude Include="PensionInfoProcess.hpp">
      <Filter>Header Files</Filter>
    </ClInclude>
    <ClInclude Include="PensionInfoProcessIncludes.h">
      <Filter>Header Files</Filter>
    </ClInclude>
    <ClInclude Include="PersistentUserSession.hpp">
      <Filter>Header Files</Filter>
    </ClInclude>
    <ClInclude Include="PrinterProcess.hpp">
      <Filter>Header Files</Filter>
    </ClInclude>
    <ClInclude Include="PrinterProcessIncludes.h">
      <Filter>Header Files</Filter>
    </ClInclude>
    <ClInclude Include="ProgressCtrlProcess.hpp">
      <Filter>Header Files</Filter>
    </ClInclude>
    <ClInclude Include="ProgressiveIntRateProcess.hpp">
      <Filter>Header Files</Filter>
    </ClInclude>
    <ClInclude Include="ProtectedFundProcess.hpp">
      <Filter>Header Files</Filter>
    </ClInclude>
    <ClInclude Include="ProtectedFundProcessIncludes.hpp">
      <Filter>Header Files</Filter>
    </ClInclude>
    <ClInclude Include="PSEEAPProcess.hpp">
      <Filter>Header Files</Filter>
    </ClInclude>
    <ClInclude Include="RebookParamProcess.hpp">
      <Filter>Header Files</Filter>
    </ClInclude>
    <ClInclude Include="RebookParamProcessIncludes.h">
      <Filter>Header Files</Filter>
    </ClInclude>
    <ClInclude Include="RebookProcess.hpp">
      <Filter>Header Files</Filter>
    </ClInclude>
    <ClInclude Include="RebookProcessIncludes.h">
      <Filter>Header Files</Filter>
    </ClInclude>
    <ClInclude Include="RedCodeByTaxTypeProcess.hpp">
      <Filter>Header Files</Filter>
    </ClInclude>
    <ClInclude Include="RedCodeByTaxTypeProcessIncludes.h">
      <Filter>Header Files</Filter>
    </ClInclude>
    <ClInclude Include="RegDocumentListProcess.hpp">
      <Filter>Header Files</Filter>
    </ClInclude>
    <ClInclude Include="RegDocumentListProcessIncludes.h">
      <Filter>Header Files</Filter>
    </ClInclude>
    <ClInclude Include="RemarksProcess.hpp">
      <Filter>Header Files</Filter>
    </ClInclude>
    <ClInclude Include="RemarksProcessIncludes.h">
      <Filter>Header Files</Filter>
    </ClInclude>
    <ClInclude Include="ReportProcess.hpp">
      <Filter>Header Files</Filter>
    </ClInclude>
    <ClInclude Include="ReportProcessIncludes.h">
      <Filter>Header Files</Filter>
    </ClInclude>
    <ClInclude Include="ReportStatusProcess.hpp">
      <Filter>Header Files</Filter>
    </ClInclude>
    <ClInclude Include="ReportStatusProcessIncludes.h">
      <Filter>Header Files</Filter>
    </ClInclude>
    <ClInclude Include="ReportViewProcess.hpp">
      <Filter>Header Files</Filter>
    </ClInclude>
    <ClInclude Include="ReportViewProcessIncludes.h">
      <Filter>Header Files</Filter>
    </ClInclude>
    <ClInclude Include="ResetInstrProcess.hpp">
      <Filter>Header Files</Filter>
    </ClInclude>
    <ClInclude Include="ResetInstrProcessIncludes.h">
      <Filter>Header Files</Filter>
    </ClInclude>
    <ClInclude Include="resource.h">
      <Filter>Header Files</Filter>
    </ClInclude>
    <ClInclude Include="RESPAcctInfoProcess.hpp">
      <Filter>Header Files</Filter>
    </ClInclude>
    <ClInclude Include="RESPAcctInfoProcessIncludes.h">
      <Filter>Header Files</Filter>
    </ClInclude>
    <ClInclude Include="RESPBeneficiaryAllocationListProcess.hpp">
      <Filter>Header Files</Filter>
    </ClInclude>
    <ClInclude Include="RESPBeneficiaryAllocationListProcessIncludes.h">
      <Filter>Header Files</Filter>
    </ClInclude>
    <ClInclude Include="RespBenRelProcess.hpp">
      <Filter>Header Files</Filter>
    </ClInclude>
    <ClInclude Include="RespBenRelProcessIncludes.h">
      <Filter>Header Files</Filter>
    </ClInclude>
    <ClInclude Include="RESPInfoProcess.hpp">
      <Filter>Header Files</Filter>
    </ClInclude>
    <ClInclude Include="RESPInfoProcessIncludes.h">
      <Filter>Header Files</Filter>
    </ClInclude>
    <ClInclude Include="RESPTransactionsProcess.hpp">
      <Filter>Header Files</Filter>
    </ClInclude>
    <ClInclude Include="RESPTransactionsProcessIncludes.h">
      <Filter>Header Files</Filter>
    </ClInclude>
    <ClInclude Include="RESPTransfersProcess.hpp">
      <Filter>Header Files</Filter>
    </ClInclude>
    <ClInclude Include="RESPTransfersProcessIncludes.h">
      <Filter>Header Files</Filter>
    </ClInclude>
    <ClInclude Include="RRIF_LIF_LRIF_InfoProcess.hpp">
      <Filter>Header Files</Filter>
    </ClInclude>
    <ClInclude Include="RRIF_LIF_LRIF_InfoProcessIncludes.h">
      <Filter>Header Files</Filter>
    </ClInclude>
    <ClInclude Include="SalesRepProcess.hpp">
      <Filter>Header Files</Filter>
    </ClInclude>
    <ClInclude Include="SalesRepProcessIncludes.h">
      <Filter>Header Files</Filter>
    </ClInclude>
    <ClInclude Include="SavingsDirectiveProcess.hpp">
      <Filter>Header Files</Filter>
    </ClInclude>
    <ClInclude Include="SavingsDirectiveProcessIncludes.h">
      <Filter>Header Files</Filter>
    </ClInclude>
    <ClInclude Include="SearchProcess.hpp">
      <Filter>Header Files</Filter>
    </ClInclude>
    <ClInclude Include="SearchProcessIncludes.h">
      <Filter>Header Files</Filter>
    </ClInclude>
    <ClInclude Include="SetDataServerProcess.hpp">
      <Filter>Header Files</Filter>
    </ClInclude>
    <ClInclude Include="SettlementInstrProcess.hpp">
      <Filter>Header Files</Filter>
    </ClInclude>
    <ClInclude Include="SettlementInstrProcessIncludes.h">
      <Filter>Header Files</Filter>
    </ClInclude>
    <ClInclude Include="SettlementProcess.hpp">
      <Filter>Header Files</Filter>
    </ClInclude>
    <ClInclude Include="SettlementProcessIncludes.h">
      <Filter>Header Files</Filter>
    </ClInclude>
    <ClInclude Include="ShareholderProcess.hpp">
      <Filter>Header Files</Filter>
    </ClInclude>
    <ClInclude Include="ShareholderProcessIncludes.h">
      <Filter>Header Files</Filter>
    </ClInclude>
    <ClInclude Include="ShrFamilyProcess.hpp">
      <Filter>Header Files</Filter>
    </ClInclude>
    <ClInclude Include="ShrFamilyProcessIncludes.h">
      <Filter>Header Files</Filter>
    </ClInclude>
    <ClInclude Include="ShrFundBrokerProcess.hpp">
      <Filter>Header Files</Filter>
    </ClInclude>
    <ClInclude Include="ShrFundBrokerProcessincludes.h">
      <Filter>Header Files</Filter>
    </ClInclude>
    <ClInclude Include="ShrFundSponsorAgreementProcess.hpp">
      <Filter>Header Files</Filter>
    </ClInclude>
    <ClInclude Include="ShrFundSponsorAgreementProcessincludes.h">
      <Filter>Header Files</Filter>
    </ClInclude>
    <ClInclude Include="SplitCommissionsProcess.hpp">
      <Filter>Header Files</Filter>
    </ClInclude>
    <ClInclude Include="SplitCommissionsProcessIncludes.h">
      <Filter>Header Files</Filter>
    </ClInclude>
    <ClInclude Include="stdafx.h">
      <Filter>Header Files</Filter>
    </ClInclude>
    <ClInclude Include="SysIndexProcess.hpp">
      <Filter>Header Files</Filter>
    </ClInclude>
    <ClInclude Include="SysIndexProcessIncludes.h">
      <Filter>Header Files</Filter>
    </ClInclude>
    <ClInclude Include="SysLvlSettlementInstrProcess.hpp">
      <Filter>Header Files</Filter>
    </ClInclude>
    <ClInclude Include="SysLvlSettlementInstrProcessIncludes.h">
      <Filter>Header Files</Filter>
    </ClInclude>
    <ClInclude Include="SystematicFeeProcess.hpp">
      <Filter>Header Files</Filter>
    </ClInclude>
    <ClInclude Include="SystematicFeeProcessIncludes.h">
      <Filter>Header Files</Filter>
    </ClInclude>
    <ClInclude Include="SystematicProcess.hpp">
      <Filter>Header Files</Filter>
    </ClInclude>
    <ClInclude Include="SystematicProcessIncludes.h">
      <Filter>Header Files</Filter>
    </ClInclude>
    <ClInclude Include="TaxExemptAuthorizationProcess.hpp">
      <Filter>Header Files</Filter>
    </ClInclude>
    <ClInclude Include="TaxExemptAuthorizationProcessIncludes.h">
      <Filter>Header Files</Filter>
    </ClInclude>
    <ClInclude Include="TaxRatesProcess.hpp">
      <Filter>Header Files</Filter>
    </ClInclude>
    <ClInclude Include="TaxRatesProcessIncludes.h">
      <Filter>Header Files</Filter>
    </ClInclude>
    <ClInclude Include="TradePayInstructProcess.hpp">
      <Filter>Header Files</Filter>
    </ClInclude>
    <ClInclude Include="TradePayInstructProcessIncludes.h">
      <Filter>Header Files</Filter>
    </ClInclude>
    <ClInclude Include="TradeSearchProcess.hpp">
      <Filter>Header Files</Filter>
    </ClInclude>
    <ClInclude Include="TradeSearchProcessIncludes.h">
      <Filter>Header Files</Filter>
    </ClInclude>
    <ClInclude Include="TradeSettleLocationsProcess.hpp">
      <Filter>Header Files</Filter>
    </ClInclude>
    <ClInclude Include="TradeSettleLocationsProcessIncludes.h">
      <Filter>Header Files</Filter>
    </ClInclude>
    <ClInclude Include="TradesProcess.hpp">
      <Filter>Header Files</Filter>
    </ClInclude>
    <ClInclude Include="TradesProcessIncludes.h">
      <Filter>Header Files</Filter>
    </ClInclude>
    <ClInclude Include="TradeVerificationProcess.hpp">
      <Filter>Header Files</Filter>
    </ClInclude>
    <ClInclude Include="TradeVerificationsearchprocessincludes.h">
      <Filter>Header Files</Filter>
    </ClInclude>
    <ClInclude Include="TransactionAllocationsProcess.hpp">
      <Filter>Header Files</Filter>
    </ClInclude>
    <ClInclude Include="TransactionAllocationsProcessIncludes.h">
      <Filter>Header Files</Filter>
    </ClInclude>
    <ClInclude Include="TransactionBankInstructionProcessIncludes.h">
      <Filter>Header Files</Filter>
    </ClInclude>
    <ClInclude Include="TransactionLinkProcess.hpp">
      <Filter>Header Files</Filter>
    </ClInclude>
    <ClInclude Include="TransactionLinkProcessIncludes.h">
      <Filter>Header Files</Filter>
    </ClInclude>
    <ClInclude Include="TransactionSummaryProcess.hpp">
      <Filter>Header Files</Filter>
    </ClInclude>
    <ClInclude Include="TransactionSummaryProcessIncludes.h">
      <Filter>Header Files</Filter>
    </ClInclude>
    <ClInclude Include="TransCancelProcess.hpp">
      <Filter>Header Files</Filter>
    </ClInclude>
    <ClInclude Include="TransCancelProcessIncludes.h">
      <Filter>Header Files</Filter>
    </ClInclude>
    <ClInclude Include="TransHistoryProcess.hpp">
      <Filter>Header Files</Filter>
    </ClInclude>
    <ClInclude Include="TransHistoryProcessIncludes.h">
      <Filter>Header Files</Filter>
    </ClInclude>
    <ClInclude Include="TransitsProcess.hpp">
      <Filter>Header Files</Filter>
    </ClInclude>
    <ClInclude Include="TransitsProcessIncludes.h">
      <Filter>Header Files</Filter>
    </ClInclude>
    <ClInclude Include="TransSettlementInstrProcess.hpp">
      <Filter>Header Files</Filter>
    </ClInclude>
    <ClInclude Include="TransSettlementInstrProcessIncludes.h">
      <Filter>Header Files</Filter>
    </ClInclude>
    <ClInclude Include="UnitFactorProcess.hpp">
      <Filter>Header Files</Filter>
    </ClInclude>
    <ClInclude Include="UnitFactorProcessIncludes.h">
      <Filter>Header Files</Filter>
    </ClInclude>
    <ClInclude Include="UserAccessProcessIncludes.h">
      <Filter>Header Files</Filter>
    </ClInclude>
    <ClInclude Include="UserDefMatProcess.hpp">
      <Filter>Header Files</Filter>
    </ClInclude>
    <ClInclude Include="UserDefMatProcessIncludes.h">
      <Filter>Header Files</Filter>
    </ClInclude>
    <ClInclude Include="UserSessionProcess.hpp">
      <Filter>Header Files</Filter>
    </ClInclude>
    <ClInclude Include="UserSessionProcessIncludes.h">
      <Filter>Header Files</Filter>
    </ClInclude>
    <ClInclude Include="ValueVariationProcess.h">
      <Filter>Header Files</Filter>
    </ClInclude>
    <ClInclude Include="VerificationConfProcess.hpp">
      <Filter>Header Files</Filter>
    </ClInclude>
    <ClInclude Include="VerificationConfProcessIncludes.h">
      <Filter>Header Files</Filter>
    </ClInclude>
    <ClInclude Include="WhereUsedProcess.hpp">
      <Filter>Header Files</Filter>
    </ClInclude>
    <ClInclude Include="WhereUsedProcessIncludes.h">
      <Filter>Header Files</Filter>
    </ClInclude>
    <ClInclude Include="WorkSessionProcess.hpp">
      <Filter>Header Files</Filter>
    </ClInclude>
    <ClInclude Include="YTDContributionProcess.hpp">
      <Filter>Header Files</Filter>
    </ClInclude>
    <ClInclude Include="YTDContributionProcessIncludes.h">
      <Filter>Header Files</Filter>
    </ClInclude>
    <ClInclude Include="AWDHistoryProcess.hpp">
      <Filter>Header Files</Filter>
    </ClInclude>
    <ClInclude Include="AWDHistoryProcessIncludes.h">
      <Filter>Header Files</Filter>
    </ClInclude>
    <ClInclude Include="FeeModelCopyToGroupProcess.h">
      <Filter>Header Files</Filter>
    </ClInclude>
    <ClInclude Include="EntityRegDetailsProcess.hpp">
      <Filter>Header Files</Filter>
    </ClInclude>
    <ClInclude Include="EntityRegDetailsProcessIncludes.h">
      <Filter>Header Files</Filter>
    </ClInclude>
    <ClInclude Include="AlertMessagesProcess.hpp">
      <Filter>Header Files</Filter>
    </ClInclude>
    <ClInclude Include="AlertMessagesProcessIncludes.h">
      <Filter>Header Files</Filter>
    </ClInclude>
    <ClInclude Include="ExternalInstitutionSearchProcess.hpp">
      <Filter>Header Files</Filter>
    </ClInclude>
    <ClInclude Include="RefundProcess.hpp">
      <Filter>Header Files</Filter>
    </ClInclude>
    <ClInclude Include="RefundProcessIncludes.h">
      <Filter>Header Files</Filter>
    </ClInclude>
    <ClInclude Include="RegPlanTransferProcess.hpp">
      <Filter>Header Files</Filter>
    </ClInclude>
    <ClInclude Include="RegPlanTransferProcessIncludes.h">
      <Filter>Header Files</Filter>
    </ClInclude>
    <ClInclude Include="RegPlanTransferSearchProcess.hpp">
      <Filter>Header Files</Filter>
    </ClInclude>
    <ClInclude Include="RegPlanTransferSearchProcessIncludes.h">
      <Filter>Header Files</Filter>
    </ClInclude>
    <ClInclude Include="AcctRoundingRuleProcess.hpp">
      <Filter>Header Files</Filter>
    </ClInclude>
    <ClInclude Include="AcctRoundingRuleProcessIncludes.h">
      <Filter>Header Files</Filter>
    </ClInclude>
    <ClInclude Include="PriceAdditionalProcess.hpp">
      <Filter>Header Files</Filter>
    </ClInclude>
    <ClInclude Include="PriceAdditionalProcessIncludes.h">
      <Filter>Header Files</Filter>
    </ClInclude>
    <ClInclude Include="AMSHypoAllocProcess.hpp">
      <Filter>Header Files</Filter>
    </ClInclude>
    <ClInclude Include="AMSHypoAllocProcessIncludes.h">
      <Filter>Header Files</Filter>
    </ClInclude>
    <ClInclude Include="AWDHistoryBrowserProcess.hpp">
      <Filter>Header Files</Filter>
    </ClInclude>
    <ClInclude Include="AWDHistoryBrowserProcessIncludes.h">
      <Filter>Header Files</Filter>
    </ClInclude>
    <ClInclude Include="AMSDeltaAllocProcessIncludes.h">
      <Filter>Header Files</Filter>
    </ClInclude>
    <ClInclude Include="AMSDeltaAllocProcess.hpp">
      <Filter>Header Files</Filter>
    </ClInclude>
    <ClInclude Include="RDSPTransfersProcess.hpp">
      <Filter>Header Files</Filter>
    </ClInclude>
    <ClInclude Include="RDSPTransfersProcessIncludes.h">
      <Filter>Header Files</Filter>
    </ClInclude>
  </ItemGroup>
</Project>