<?xml version="1.0" encoding="utf-8"?>
<Project ToolsVersion="4.0" xmlns="http://schemas.microsoft.com/developer/msbuild/2003">
  <ItemGroup>
    <Filter Include="Source Files">
      <UniqueIdentifier>{db44d48f-57f4-4c73-b9d3-227180b48b0f}</UniqueIdentifier>
      <Extensions>cpp;c;cxx;rc;def;r;odl;idl;hpj;bat</Extensions>
    </Filter>
    <Filter Include="Header Files">
      <UniqueIdentifier>{ec0c8e3f-e4fd-46e2-b2a0-32b531f6424f}</UniqueIdentifier>
      <Extensions>h;hpp;hxx;hm;inl</Extensions>
    </Filter>
    <Filter Include="Resource Files">
      <UniqueIdentifier>{c1b9c8fa-1594-4b00-a8f4-9bf5455c0023}</UniqueIdentifier>
      <Extensions>ico;cur;bmp;dlg;rc2;rct;bin;rgs;gif;jpg;jpeg;jpe</Extensions>
    </Filter>
  </ItemGroup>
  <ItemGroup>
    <ClCompile Include="bfawdbaseinterface.cpp">
      <Filter>Source Files</Filter>
    </ClCompile>
    <ClCompile Include="bfawddata.cpp">
      <Filter>Source Files</Filter>
    </ClCompile>
    <ClCompile Include="bfawdinterface.cpp">
      <Filter>Source Files</Filter>
    </ClCompile>
    <ClCompile Include="bfawdkey.cpp">
      <Filter>Source Files</Filter>
    </ClCompile>
    <ClCompile Include="bfawdlookupcriteria.cpp">
      <Filter>Source Files</Filter>
    </ClCompile>
    <ClCompile Include="bfawdlookupresult.cpp">
      <Filter>Source Files</Filter>
    </ClCompile>
    <ClCompile Include="bfawdsource.cpp">
      <Filter>Source Files</Filter>
    </ClCompile>
    <ClCompile Include="WIN32\bfinterfacemanager.cpp">
      <Filter>Source Files</Filter>
    </ClCompile>
    <ClCompile Include="diawdi_conditions.cpp">
      <Filter>Source Files</Filter>
    </ClCompile>
    <ClCompile Include="dllmain.cpp">
      <Filter>Source Files</Filter>
    </ClCompile>
    <ClCompile Include="moduleinfo.cpp">
      <Filter>Source Files</Filter>
    </ClCompile>
  </ItemGroup>
  <ItemGroup>
    <ResourceCompile Include="bfawdi.rc">
      <Filter>Source Files</Filter>
    </ResourceCompile>
  </ItemGroup>
  <ItemGroup>
    <ClInclude Include="bfawdbaseinterface.hpp">
      <Filter>Header Files</Filter>
    </ClInclude>
    <ClInclude Include="bfawddata.hpp">
      <Filter>Header Files</Filter>
    </ClInclude>
    <ClInclude Include="bfawdinterface.hpp">
      <Filter>Header Files</Filter>
    </ClInclude>
    <ClInclude Include="bfawdkey.hpp">
      <Filter>Header Files</Filter>
    </ClInclude>
    <ClInclude Include="bfawdlookupcriteria.hpp">
      <Filter>Header Files</Filter>
    </ClInclude>
    <ClInclude Include="bfawdlookupresult.hpp">
      <Filter>Header Files</Filter>
    </ClInclude>
    <ClInclude Include="bfawdsource.hpp">
      <Filter>Header Files</Filter>
    </ClInclude>
    <ClInclude Include="bfawdtemplates.hpp">
      <Filter>Header Files</Filter>
    </ClInclude>
    <ClInclude Include="WIN32\bfinterfacemanager.hpp">
      <Filter>Header Files</Filter>
    </ClInclude>
    <ClInclude Include="diawdcnd.h">
      <Filter>Header Files</Filter>
    </ClInclude>
    <ClInclude Include="diawdi_conditions.hpp">
      <Filter>Header Files</Filter>
    </ClInclude>
    <ClInclude Include="resource.h">
      <Filter>Header Files</Filter>
    </ClInclude>
  </ItemGroup>
</Project>