<?xml version="1.0" encoding="utf-8"?>
<Project ToolsVersion="4.0" xmlns="http://schemas.microsoft.com/developer/msbuild/2003">
  <ItemGroup>
    <Filter Include="Source Files">
      <UniqueIdentifier>{c263ec68-3a40-4d2d-b6c3-708b763e9785}</UniqueIdentifier>
      <Extensions>*.cpp</Extensions>
    </Filter>
    <Filter Include="Header Files">
      <UniqueIdentifier>{4e21c147-7a0b-4201-8d16-e4b6a84f0034}</UniqueIdentifier>
      <Extensions>*.hpp;*.h</Extensions>
    </Filter>
  </ItemGroup>
  <ItemGroup>
    <ClCompile Include="bfdata.cpp">
      <Filter>Source Files</Filter>
    </ClCompile>
    <ClCompile Include="BFDATA_conditions.cpp">
      <Filter>Source Files</Filter>
    </ClCompile>
    <ClCompile Include="bfdataexception.cpp">
      <Filter>Source Files</Filter>
    </ClCompile>
    <ClCompile Include="bfdatafield.cpp">
      <Filter>Source Files</Filter>
    </ClCompile>
    <ClCompile Include="bfdatafielditer.cpp">
      <Filter>Source Files</Filter>
    </ClCompile>
    <ClCompile Include="bfdatafieldproperties.cpp">
      <Filter>Source Files</Filter>
    </ClCompile>
    <ClCompile Include="bfdataid.cpp">
      <Filter>Source Files</Filter>
    </ClCompile>
    <ClCompile Include="bfdataimpl.cpp">
      <Filter>Source Files</Filter>
    </ClCompile>
    <ClCompile Include="bffieldfactory.cpp">
      <Filter>Source Files</Filter>
    </ClCompile>
    <ClCompile Include="bffieldid.cpp">
      <Filter>Source Files</Filter>
    </ClCompile>
    <ClCompile Include="bfmask.cpp">
      <Filter>Source Files</Filter>
    </ClCompile>
    <ClCompile Include="bfsubstitutionset.cpp">
      <Filter>Source Files</Filter>
    </ClCompile>
    <ClCompile Include="dllmain.cpp">
      <Filter>Source Files</Filter>
    </ClCompile>
    <ClCompile Include="stdafx.cpp">
      <Filter>Source Files</Filter>
    </ClCompile>
  </ItemGroup>
  <ItemGroup>
    <ClInclude Include="bfabstractdatafieldformatter.hpp">
      <Filter>Header Files</Filter>
    </ClInclude>
    <ClInclude Include="bfabstractfieldcreator.hpp">
      <Filter>Header Files</Filter>
    </ClInclude>
    <ClInclude Include="bfdata.hpp">
      <Filter>Header Files</Filter>
    </ClInclude>
    <ClInclude Include="bfdataexception.hpp">
      <Filter>Header Files</Filter>
    </ClInclude>
    <ClInclude Include="bfdatafield.hpp">
      <Filter>Header Files</Filter>
    </ClInclude>
    <ClInclude Include="bfdatafieldexists.hpp">
      <Filter>Header Files</Filter>
    </ClInclude>
    <ClInclude Include="bfdatafieldfactory.hpp">
      <Filter>Header Files</Filter>
    </ClInclude>
    <ClInclude Include="bfdatafielditer.hpp">
      <Filter>Header Files</Filter>
    </ClInclude>
    <ClInclude Include="bfdatafieldproperties.hpp">
      <Filter>Header Files</Filter>
    </ClInclude>
    <ClInclude Include="bfdataid.hpp">
      <Filter>Header Files</Filter>
    </ClInclude>
    <ClInclude Include="bfdataimpl.hpp">
      <Filter>Header Files</Filter>
    </ClInclude>
    <ClInclude Include="bfdataimpldefaults.hpp">
      <Filter>Header Files</Filter>
    </ClInclude>
    <ClInclude Include="bfdataimplfactory.hpp">
      <Filter>Header Files</Filter>
    </ClInclude>
    <ClInclude Include="bffieldfactory.hpp">
      <Filter>Header Files</Filter>
    </ClInclude>
    <ClInclude Include="bffieldid.hpp">
      <Filter>Header Files</Filter>
    </ClInclude>
    <ClInclude Include="bfmask.hpp">
      <Filter>Header Files</Filter>
    </ClInclude>
    <ClInclude Include="bfsubstitutionset.hpp">
      <Filter>Header Files</Filter>
    </ClInclude>
    <ClInclude Include="resource.h">
      <Filter>Header Files</Filter>
    </ClInclude>
    <ClInclude Include="stdafx.h">
      <Filter>Header Files</Filter>
    </ClInclude>
    <ClInclude Include="timbuk3.hpp">
      <Filter>Header Files</Filter>
    </ClInclude>
  </ItemGroup>
  <ItemGroup>
    <ResourceCompile Include="bfdata.rc" />
  </ItemGroup>
</Project>