<?xml version="1.0" encoding="utf-8"?>
<Project ToolsVersion="4.0" xmlns="http://schemas.microsoft.com/developer/msbuild/2003">
  <ItemGroup>
    <Filter Include="Source Files">
      <UniqueIdentifier>{d398d105-7231-475b-9a7f-ce43f8bcf4d0}</UniqueIdentifier>
      <Extensions>cpp;c;cxx;rc;def;r;odl;idl;hpj;bat</Extensions>
    </Filter>
    <Filter Include="Header Files">
      <UniqueIdentifier>{0a0a0b9a-883e-4fae-a13e-28c2be9ef84f}</UniqueIdentifier>
      <Extensions>h;hpp;hxx;hm;inl</Extensions>
    </Filter>
    <Filter Include="Resource Files">
      <UniqueIdentifier>{9a524eaa-f864-4952-b7ac-593beee6c4d4}</UniqueIdentifier>
      <Extensions>ico;cur;bmp;dlg;rc2;rct;bin;rgs;gif;jpg;jpeg;jpe</Extensions>
    </Filter>
  </ItemGroup>
  <ItemGroup>
    <ClCompile Include="AboutDlg.cpp">
      <Filter>Source Files</Filter>
    </ClCompile>
    <ClCompile Include="ACBDlg.cpp">
      <Filter>Source Files</Filter>
    </ClCompile>
    <ClCompile Include="AccDistributionDlg.cpp">
      <Filter>Source Files</Filter>
    </ClCompile>
    <ClCompile Include="AccInfoDlg.cpp">
      <Filter>Source Files</Filter>
    </ClCompile>
    <ClCompile Include="AccountCommitmentDlg.cpp">
      <Filter>Source Files</Filter>
    </ClCompile>
    <ClCompile Include="AccountContractDlg.cpp">
      <Filter>Source Files</Filter>
    </ClCompile>
    <ClCompile Include="AccountDetailsDlg.cpp">
      <Filter>Source Files</Filter>
    </ClCompile>
    <ClCompile Include="AccountRegDetailsDlg.cpp">
      <Filter>Source Files</Filter>
    </ClCompile>
    <ClCompile Include="AccountReviewDlg.cpp">
      <Filter>Source Files</Filter>
    </ClCompile>
    <ClCompile Include="AccrualsDlg.cpp">
      <Filter>Source Files</Filter>
    </ClCompile>
    <ClCompile Include="AcctCategoryDlg.cpp">
      <Filter>Source Files</Filter>
    </ClCompile>
    <ClCompile Include="AcctCutOffTimesDlg.cpp">
      <Filter>Source Files</Filter>
    </ClCompile>
    <ClCompile Include="AcctGuaranteeGuardOptDlg.cpp">
      <Filter>Source Files</Filter>
    </ClCompile>
    <ClCompile Include="AcctSettlementInstrDlg.cpp">
      <Filter>Source Files</Filter>
    </ClCompile>
    <ClCompile Include="AcctSettlementRuleDlg.cpp">
      <Filter>Source Files</Filter>
    </ClCompile>
    <ClCompile Include="AcctSplitCommDlg.cpp">
      <Filter>Source Files</Filter>
    </ClCompile>
    <ClCompile Include="AddressBookDlg.cpp">
      <Filter>Source Files</Filter>
    </ClCompile>
    <ClCompile Include="AddrTaxJurisUpdateDlg.cpp">
      <Filter>Source Files</Filter>
    </ClCompile>
    <ClCompile Include="AdminDatesDialog.cpp">
      <Filter>Source Files</Filter>
    </ClCompile>
    <ClCompile Include="AggregatedOrderDlg.cpp">
      <Filter>Source Files</Filter>
    </ClCompile>
    <ClCompile Include="AllocationsDlg.cpp">
      <Filter>Source Files</Filter>
    </ClCompile>
    <ClCompile Include="AMSAcctLvlDlg.cpp">
      <Filter>Source Files</Filter>
    </ClCompile>
    <ClCompile Include="amsbrklvldlg.cpp">
      <Filter>Source Files</Filter>
    </ClCompile>
    <ClCompile Include="AmsLmtOverrideDlg.cpp">
      <Filter>Source Files</Filter>
    </ClCompile>
    <ClCompile Include="AmsMstrDlg.cpp">
      <Filter>Source Files</Filter>
    </ClCompile>
    <ClCompile Include="animation.cpp">
      <Filter>Source Files</Filter>
    </ClCompile>
    <ClCompile Include="AsPensionPlanDlg.cpp">
      <Filter>Source Files</Filter>
    </ClCompile>
    <ClCompile Include="AWDCommon.cpp">
      <Filter>Source Files</Filter>
    </ClCompile>
    <ClCompile Include="BankInstructionsDlg.cpp">
      <Filter>Source Files</Filter>
    </ClCompile>
    <ClCompile Include="BaseAccountDetailsDlg.cpp">
      <Filter>Source Files</Filter>
    </ClCompile>
    <ClCompile Include="BaseAddressBookDlg.cpp">
      <Filter>Source Files</Filter>
    </ClCompile>
    <ClCompile Include="BaseAllocationDlg.cpp">
      <Filter>Source Files</Filter>
    </ClCompile>
    <ClCompile Include="BaseMainDlg.cpp">
      <Filter>Source Files</Filter>
    </ClCompile>
    <ClCompile Include="BatchDlg.cpp">
      <Filter>Source Files</Filter>
    </ClCompile>
    <ClCompile Include="BranchListDlg.cpp">
      <Filter>Source Files</Filter>
    </ClCompile>
    <ClCompile Include="BrokerAddressDlg.cpp">
      <Filter>Source Files</Filter>
    </ClCompile>
    <ClCompile Include="BrokerListDlg.cpp">
      <Filter>Source Files</Filter>
    </ClCompile>
    <ClCompile Include="BrowserLaunch.cpp">
      <Filter>Source Files</Filter>
    </ClCompile>
    <ClCompile Include="BusInfoDlg.cpp">
      <Filter>Source Files</Filter>
    </ClCompile>
    <ClCompile Include="CanAccountDetailsDlg.cpp">
      <Filter>Source Files</Filter>
    </ClCompile>
    <ClCompile Include="CanAddressBookDlg.cpp">
      <Filter>Source Files</Filter>
    </ClCompile>
    <ClCompile Include="CanAddressBookF02Dlg.cpp">
      <Filter>Source Files</Filter>
    </ClCompile>
    <ClCompile Include="CancellationInstrDlg.cpp">
      <Filter>Source Files</Filter>
    </ClCompile>
    <ClCompile Include="CertificateDlg.cpp">
      <Filter>Source Files</Filter>
    </ClCompile>
    <ClCompile Include="ChequeDlg.cpp">
      <Filter>Source Files</Filter>
    </ClCompile>
    <ClCompile Include="CloneAccountDlg.cpp">
      <Filter>Source Files</Filter>
    </ClCompile>
    <ClCompile Include="CMEdit.cpp">
      <Filter>Source Files</Filter>
    </ClCompile>
    <ClCompile Include="COADlg.cpp">
      <Filter>Source Files</Filter>
    </ClCompile>
    <ClCompile Include="ConfigSelectionDlg.cpp">
      <Filter>Source Files</Filter>
    </ClCompile>
    <ClCompile Include="ConfigurationConstants.cpp">
      <Filter>Source Files</Filter>
    </ClCompile>
    <ClCompile Include="ConfirmationDlg.cpp">
      <Filter>Source Files</Filter>
    </ClCompile>
    <ClCompile Include="ConfirmReprintDlg.cpp">
      <Filter>Source Files</Filter>
    </ClCompile>
    <ClCompile Include="contractinfodlg.cpp">
      <Filter>Source Files</Filter>
    </ClCompile>
    <ClCompile Include="ContractMaturityInstructionDlg.cpp">
      <Filter>Source Files</Filter>
    </ClCompile>
    <ClCompile Include="DailyTransactionFeesDlg.cpp">
      <Filter>Source Files</Filter>
    </ClCompile>
    <ClCompile Include="DemographicsDlg.cpp">
      <Filter>Source Files</Filter>
    </ClCompile>
    <ClCompile Include="DilutionDlg.cpp">
      <Filter>Source Files</Filter>
    </ClCompile>
    <ClCompile Include="DirectTradingDlg.cpp">
      <Filter>Source Files</Filter>
    </ClCompile>
    <ClCompile Include="DiscardMsgDlg.cpp">
      <Filter>Source Files</Filter>
    </ClCompile>
    <ClCompile Include="DocumentListDlg.cpp">
      <Filter>Source Files</Filter>
    </ClCompile>
    <ClCompile Include="DSTCCommandLineInfo.cpp">
      <Filter>Source Files</Filter>
    </ClCompile>
    <ClCompile Include="dstcview.cpp">
      <Filter>Source Files</Filter>
    </ClCompile>
    <ClCompile Include="EnCorrMgr.cpp">
      <Filter>Source Files</Filter>
    </ClCompile>
    <ClCompile Include="EntityAddressSearchDlg.cpp">
      <Filter>Source Files</Filter>
    </ClCompile>
    <ClCompile Include="EntityAloneDlg.cpp">
      <Filter>Source Files</Filter>
    </ClCompile>
    <ClCompile Include="EntityMaintenanceDlg.cpp">
      <Filter>Source Files</Filter>
    </ClCompile>
    <ClCompile Include="EsopHistoricalDlg.cpp">
      <Filter>Source Files</Filter>
    </ClCompile>
    <ClCompile Include="ESoPInfoDlg.cpp">
      <Filter>Source Files</Filter>
    </ClCompile>
    <ClCompile Include="EstateAllocationDlg.cpp">
      <Filter>Source Files</Filter>
    </ClCompile>
    <ClCompile Include="EStatementDlg.cpp">
      <Filter>Source Files</Filter>
    </ClCompile>
    <ClCompile Include="FeaturesSearchDlg.cpp">
      <Filter>Source Files</Filter>
    </ClCompile>
    <ClCompile Include="FeeModelDlg.cpp">
      <Filter>Source Files</Filter>
    </ClCompile>
    <ClCompile Include="FeeParamDlg.cpp">
      <Filter>Source Files</Filter>
    </ClCompile>
    <ClCompile Include="FeeParamMaintDlg.cpp">
      <Filter>Source Files</Filter>
    </ClCompile>
    <ClCompile Include="FeeParamSysDlg.cpp">
      <Filter>Source Files</Filter>
    </ClCompile>
    <ClCompile Include="FileInquiryDlg.cpp">
      <Filter>Source Files</Filter>
    </ClCompile>
    <ClCompile Include="FileSearchDlg.cpp">
      <Filter>Source Files</Filter>
    </ClCompile>
    <ClCompile Include="FinancialInstitutionDlg.cpp">
      <Filter>Source Files</Filter>
    </ClCompile>
    <ClCompile Include="FinancialInstitutionSearchDlg.cpp">
      <Filter>Source Files</Filter>
    </ClCompile>
    <ClCompile Include="FireFighterLogonDlg.cpp">
      <Filter>Source Files</Filter>
    </ClCompile>
    <ClCompile Include="font.cpp">
      <Filter>Source Files</Filter>
    </ClCompile>
    <ClCompile Include="font1.cpp">
      <Filter>Source Files</Filter>
    </ClCompile>
    <ClCompile Include="ForeignContentWorksheetDlg.cpp">
      <Filter>Source Files</Filter>
    </ClCompile>
    <ClCompile Include="FormsMgr.cpp">
      <Filter>Source Files</Filter>
    </ClCompile>
    <ClCompile Include="FreeUnitDlg.cpp">
      <Filter>Source Files</Filter>
    </ClCompile>
    <ClCompile Include="FromToAllocationDlg.cpp">
      <Filter>Source Files</Filter>
    </ClCompile>
    <ClCompile Include="FTPConnection.cpp">
      <Filter>Source Files</Filter>
    </ClCompile>
    <ClCompile Include="FTPLogonDlg.cpp">
      <Filter>Source Files</Filter>
    </ClCompile>
    <ClCompile Include="FundBrokerDlg.cpp">
      <Filter>Source Files</Filter>
    </ClCompile>
    <ClCompile Include="FundBrokerSettlementInstrDlg.cpp">
      <Filter>Source Files</Filter>
    </ClCompile>
    <ClCompile Include="FundClassDlg.cpp">
      <Filter>Source Files</Filter>
    </ClCompile>
    <ClCompile Include="FundFactorsDlg.cpp">
      <Filter>Source Files</Filter>
    </ClCompile>
    <ClCompile Include="FundGroupDlg.cpp">
      <Filter>Source Files</Filter>
    </ClCompile>
    <ClCompile Include="FundInfoDlg.cpp">
      <Filter>Source Files</Filter>
    </ClCompile>
    <ClCompile Include="FundSponsorFeeModelDlg.cpp">
      <Filter>Source Files</Filter>
    </ClCompile>
    <ClCompile Include="GIAInvAttribDlg.cpp">
      <Filter>Source Files</Filter>
    </ClCompile>
    <ClCompile Include="GIInvestmentDetailsDlg.cpp">
      <Filter>Source Files</Filter>
    </ClCompile>
    <ClCompile Include="GuaranteeInfoDlg.cpp">
      <Filter>Source Files</Filter>
    </ClCompile>
    <ClCompile Include="GuiConfig.cpp">
      <Filter>Source Files</Filter>
    </ClCompile>
    <ClCompile Include="HistoricalAccountDlg.cpp">
      <Filter>Source Files</Filter>
    </ClCompile>
    <ClCompile Include="HistoricalDlg.cpp">
      <Filter>Source Files</Filter>
    </ClCompile>
    <ClCompile Include="HistoricalInfoSearchDlg.cpp">
      <Filter>Source Files</Filter>
    </ClCompile>
    <ClCompile Include="HistoricalMarketValueDlg.cpp">
      <Filter>Source Files</Filter>
    </ClCompile>
    <ClCompile Include="HistoricalSystematicIndexDlg.cpp">
      <Filter>Source Files</Filter>
    </ClCompile>
    <ClCompile Include="HoldingCompDlg.cpp">
      <Filter>Source Files</Filter>
    </ClCompile>
    <ClCompile Include="HypoRedDlg.cpp">
      <Filter>Source Files</Filter>
    </ClCompile>
    <ClCompile Include="IdCallerDlg.cpp">
      <Filter>Source Files</Filter>
    </ClCompile>
    <ClCompile Include="IdentAccDlg.cpp">
      <Filter>Source Files</Filter>
    </ClCompile>
    <ClCompile Include="ifastgui_conditions.cpp">
      <Filter>Source Files</Filter>
    </ClCompile>
    <ClCompile Include="ifasthistoricalinfo.cpp">
      <Filter>Source Files</Filter>
    </ClCompile>
    <ClCompile Include="InterestSegmentDlg.cpp">
      <Filter>Source Files</Filter>
    </ClCompile>
    <ClCompile Include="InvDetlDeductionDlg.cpp">
      <Filter>Source Files</Filter>
    </ClCompile>
    <ClCompile Include="InventorySummaryDlg.cpp">
      <Filter>Source Files</Filter>
    </ClCompile>
    <ClCompile Include="InvestmentHistoryDlg.cpp">
      <Filter>Source Files</Filter>
    </ClCompile>
    <ClCompile Include="InvestorAuthorizationDlg.cpp">
      <Filter>Source Files</Filter>
    </ClCompile>
    <ClCompile Include="KYCBrokerDlg .cpp">
      <Filter>Source Files</Filter>
    </ClCompile>
    <ClCompile Include="ListSelectionDlg.cpp">
      <Filter>Source Files</Filter>
    </ClCompile>
    <ClCompile Include="LogonDlg.cpp">
      <Filter>Source Files</Filter>
    </ClCompile>
    <ClCompile Include="MainFrm.cpp">
      <Filter>Source Files</Filter>
    </ClCompile>
    <ClCompile Include="ManagementCompanyDlg.cpp">
      <Filter>Source Files</Filter>
    </ClCompile>
    <ClCompile Include="ManualDividendDlg.cpp">
      <Filter>Source Files</Filter>
    </ClCompile>
    <ClCompile Include="MatchTransferDlg.cpp">
      <Filter>Source Files</Filter>
    </ClCompile>
    <ClCompile Include="MatSweepInstructionsListDlg.cpp">
      <Filter>Source Files</Filter>
    </ClCompile>
    <ClCompile Include="MFDSTC.cpp">
      <Filter>Source Files</Filter>
    </ClCompile>
    <ClCompile Include="MFDSTCSetup.cpp">
      <Filter>Source Files</Filter>
    </ClCompile>
    <ClCompile Include="MFDTSCDDEServer.cpp">
      <Filter>Source Files</Filter>
    </ClCompile>
    <ClCompile Include="MgmtDetailsDlg.cpp">
      <Filter>Source Files</Filter>
    </ClCompile>
    <ClCompile Include="MinMaxInfoDlg.cpp">
      <Filter>Source Files</Filter>
    </ClCompile>
    <ClCompile Include="MktIndexMasterMaintDlg.cpp">
      <Filter>Source Files</Filter>
    </ClCompile>
    <ClCompile Include="MktIndexValuesMaintDlg.cpp">
      <Filter>Source Files</Filter>
    </ClCompile>
    <ClCompile Include="ModuleInfo.cpp">
      <Filter>Source Files</Filter>
    </ClCompile>
    <ClCompile Include="MsgDetailDlg.cpp">
      <Filter>Source Files</Filter>
    </ClCompile>
    <ClCompile Include="MsgDlg.cpp">
      <Filter>Source Files</Filter>
    </ClCompile>
    <ClCompile Include="MsgSearchDlg.cpp">
      <Filter>Source Files</Filter>
    </ClCompile>
    <ClCompile Include="msmask.cpp">
      <Filter>Source Files</Filter>
    </ClCompile>
    <ClCompile Include="MultiFundAllocationDlg.cpp">
      <Filter>Source Files</Filter>
    </ClCompile>
    <ClCompile Include="OPCConfirmReprintDlg.cpp">
      <Filter>Source Files</Filter>
    </ClCompile>
    <ClCompile Include="PaymentDlg.cpp">
      <Filter>Source Files</Filter>
    </ClCompile>
    <ClCompile Include="PaymentInstructionsDlg.cpp">
      <Filter>Source Files</Filter>
    </ClCompile>
    <ClCompile Include="PayToEntityDlg.cpp">
      <Filter>Source Files</Filter>
    </ClCompile>
    <ClCompile Include="PensionInfoDlg.cpp">
      <Filter>Source Files</Filter>
    </ClCompile>
    <ClCompile Include="picture.cpp">
      <Filter>Source Files</Filter>
    </ClCompile>
    <ClCompile Include="PrinterDlg.cpp">
      <Filter>Source Files</Filter>
    </ClCompile>
    <ClCompile Include="ProgressCtrlDlg.cpp">
      <Filter>Source Files</Filter>
    </ClCompile>
    <ClCompile Include="ProgressiveIntRateDlg.cpp">
      <Filter>Source Files</Filter>
    </ClCompile>
    <ClCompile Include="ProtectedFundSetupDlg.cpp">
      <Filter>Source Files</Filter>
    </ClCompile>
    <ClCompile Include="PSEEAPDlg.cpp">
      <Filter>Source Files</Filter>
    </ClCompile>
    <ClCompile Include="RebookParamDlg.cpp">
      <Filter>Source Files</Filter>
    </ClCompile>
    <ClCompile Include="RegistryOverrides.cpp">
      <Filter>Source Files</Filter>
    </ClCompile>
    <ClCompile Include="RemarksDlg.cpp">
      <Filter>Source Files</Filter>
    </ClCompile>
    <ClCompile Include="ReportDlg.cpp">
      <Filter>Source Files</Filter>
    </ClCompile>
    <ClCompile Include="ReportStatusDlg.cpp">
      <Filter>Source Files</Filter>
    </ClCompile>
    <ClCompile Include="ReportViewDlg.cpp">
      <Filter>Source Files</Filter>
    </ClCompile>
    <ClCompile Include="ResetInstrDlg.cpp">
      <Filter>Source Files</Filter>
    </ClCompile>
    <ClCompile Include="RESPAcctInfoDlg.cpp">
      <Filter>Source Files</Filter>
    </ClCompile>
    <ClCompile Include="RESPBeneficiaryAllocationDlg.cpp">
      <Filter>Source Files</Filter>
    </ClCompile>
    <ClCompile Include="RespBenRelDlg.cpp">
      <Filter>Source Files</Filter>
    </ClCompile>
    <ClCompile Include="RESPInfoDlg.cpp">
      <Filter>Source Files</Filter>
    </ClCompile>
    <ClCompile Include="RESPTransactionsDlg.cpp">
      <Filter>Source Files</Filter>
    </ClCompile>
    <ClCompile Include="RESPTransfersDlg.cpp">
      <Filter>Source Files</Filter>
    </ClCompile>
    <ClCompile Include="RoadComMgr.cpp">
      <Filter>Source Files</Filter>
    </ClCompile>
    <ClCompile Include="RoadEncorr.cpp">
      <Filter>Source Files</Filter>
    </ClCompile>
    <ClCompile Include="RRIF_LIF_LRIF_InfoDlg.cpp">
      <Filter>Source Files</Filter>
    </ClCompile>
    <ClCompile Include="SavingsDirectiveDlg.cpp">
      <Filter>Source Files</Filter>
    </ClCompile>
    <ClCompile Include="SelectAddressDlg.cpp">
      <Filter>Source Files</Filter>
    </ClCompile>
    <ClCompile Include="SettlementDlg.cpp">
      <Filter>Source Files</Filter>
    </ClCompile>
    <ClCompile Include="SettlementInstrDlg.cpp">
      <Filter>Source Files</Filter>
    </ClCompile>
    <ClCompile Include="ShareholderDlg.cpp">
      <Filter>Source Files</Filter>
    </ClCompile>
    <ClCompile Include="ShrFamilyDlg.cpp">
      <Filter>Source Files</Filter>
    </ClCompile>
    <ClCompile Include="ShrFundBrokerDlg.cpp">
      <Filter>Source Files</Filter>
    </ClCompile>
    <ClCompile Include="ShrFundSponsorAgreementDlg.cpp">
      <Filter>Source Files</Filter>
    </ClCompile>
    <ClCompile Include="SiteConfig.cpp">
      <Filter>Source Files</Filter>
    </ClCompile>
    <ClCompile Include="SlsRepListDlg.cpp">
      <Filter>Source Files</Filter>
    </ClCompile>
    <ClCompile Include="SplitCommissionsDlg.cpp">
      <Filter>Source Files</Filter>
    </ClCompile>
    <ClCompile Include="StdAfx.cpp">
      <Filter>Source Files</Filter>
    </ClCompile>
    <ClCompile Include="stddde.cpp">
      <Filter>Source Files</Filter>
    </ClCompile>
    <ClCompile Include="SysIndexDlg.cpp">
      <Filter>Source Files</Filter>
    </ClCompile>
    <ClCompile Include="SysLvlSettlementInstrDlg.cpp">
      <Filter>Source Files</Filter>
    </ClCompile>
    <ClCompile Include="SystematicDlg.cpp">
      <Filter>Source Files</Filter>
    </ClCompile>
    <ClCompile Include="SystematicFeeDlg.cpp">
      <Filter>Source Files</Filter>
    </ClCompile>
    <ClCompile Include="TaxExemptAuthorizationDlg.cpp">
      <Filter>Source Files</Filter>
    </ClCompile>
    <ClCompile Include="TaxRatesDlg.cpp">
      <Filter>Source Files</Filter>
    </ClCompile>
    <ClCompile Include="TradeAuthorizationDlg.cpp">
      <Filter>Source Files</Filter>
    </ClCompile>
    <ClCompile Include="TradePayInstructDlg.cpp">
      <Filter>Source Files</Filter>
    </ClCompile>
    <ClCompile Include="TradesDlg.cpp">
      <Filter>Source Files</Filter>
    </ClCompile>
    <ClCompile Include="TradeSearchDlg.cpp">
      <Filter>Source Files</Filter>
    </ClCompile>
    <ClCompile Include="TradeSettlementLocationsDlg.cpp">
      <Filter>Source Files</Filter>
    </ClCompile>
    <ClCompile Include="TransactionAllocationsDlg.cpp">
      <Filter>Source Files</Filter>
    </ClCompile>
    <ClCompile Include="TransactionExternalLinksDlg.cpp">
      <Filter>Source Files</Filter>
    </ClCompile>
    <ClCompile Include="TransactionHistoryDeductDetailDlg.cpp">
      <Filter>Source Files</Filter>
    </ClCompile>
    <ClCompile Include="TransactionHistoryDlg.cpp">
      <Filter>Source Files</Filter>
    </ClCompile>
    <ClCompile Include="TransactionLinkDlg.cpp">
      <Filter>Source Files</Filter>
    </ClCompile>
    <ClCompile Include="TransCancellationDlg.cpp">
      <Filter>Source Files</Filter>
    </ClCompile>
    <ClCompile Include="TransitsDlg.cpp">
      <Filter>Source Files</Filter>
    </ClCompile>
    <ClCompile Include="TransSettlementInstrDlg.cpp">
      <Filter>Source Files</Filter>
    </ClCompile>
    <ClCompile Include="UserDefMatDlg.cpp">
      <Filter>Source Files</Filter>
    </ClCompile>
    <ClCompile Include="ValueVariationDlg.cpp">
      <Filter>Source Files</Filter>
    </ClCompile>
    <ClCompile Include="VerifySearchDlg.cpp">
      <Filter>Source Files</Filter>
    </ClCompile>
    <ClCompile Include="webbrowser.cpp">
      <Filter>Source Files</Filter>
    </ClCompile>
    <ClCompile Include="WhereUsedDlg.cpp">
      <Filter>Source Files</Filter>
    </ClCompile>
    <ClCompile Include="WorkEvent.cpp">
      <Filter>Source Files</Filter>
    </ClCompile>
    <ClCompile Include="WorkEventAgent.cpp">
      <Filter>Source Files</Filter>
    </ClCompile>
    <ClCompile Include="YTDContributionDlg.cpp">
      <Filter>Source Files</Filter>
    </ClCompile>
    <ClCompile Include="AWDHistoryDialog.cpp">
      <Filter>Source Files</Filter>
    </ClCompile>
    <ClCompile Include="TradeVerificationDlg.cpp">
      <Filter>Source Files</Filter>
    </ClCompile>
    <ClCompile Include="SourceOfFundCheckedDlg.cpp">
      <Filter>Source Files</Filter>
    </ClCompile>
    <ClCompile Include="FeeModelCopyToGroupDlg.cpp">
      <Filter>Source Files</Filter>
    </ClCompile>
    <ClCompile Include="EntityRegDetailsDlg.cpp">
      <Filter>Source Files</Filter>
    </ClCompile>
    <ClCompile Include="RESPTransformationTransfersDlg.cpp">
      <Filter>Source Files</Filter>
    </ClCompile>
    <ClCompile Include="AlertMessagesDlg.cpp">
      <Filter>Source Files</Filter>
    </ClCompile>
    <ClCompile Include="ExternalInstitutionSearchDlg.cpp">
      <Filter>Source Files</Filter>
    </ClCompile>
    <ClCompile Include="RegPlanTransferDlg.cpp">
      <Filter>Source Files</Filter>
    </ClCompile>
    <ClCompile Include="RegPlanTransferSearchDlg.cpp">
      <Filter>Source Files</Filter>
    </ClCompile>
    <ClCompile Include="AcctRoundingRuleDlg.cpp">
      <Filter>Source Files</Filter>
    </ClCompile>
    <ClCompile Include="PriceAdditionalDlg.cpp">
      <Filter>Source Files</Filter>
    </ClCompile>
    <ClCompile Include="AWDHistoryBrowserDialog.cpp">
      <Filter>Source Files</Filter>
    </ClCompile>
    <ClCompile Include="ActiveMQWorkEvent.cpp">
      <Filter>Source Files</Filter>
    </ClCompile>
    <ClCompile Include="ActiveMQWorkEventAgent.cpp">
      <Filter>Source Files</Filter>
    </ClCompile>
    <ClCompile Include="SonicWorkEvent.cpp">
      <Filter>Source Files</Filter>
    </ClCompile>
    <ClCompile Include="SonicWorkEventAgent.cpp">
      <Filter>Source Files</Filter>
    </ClCompile>
    <ClCompile Include="AMSHypoAllocDlg.cpp">
      <Filter>Source Files</Filter>
    </ClCompile>
    <ClCompile Include="AMSDeltaAllocDlg.cpp">
      <Filter>Source Files</Filter>
    </ClCompile>
    <ClCompile Include="RDSPTransfersDlg.cpp">
      <Filter>Source Files</Filter>
    </ClCompile>
  </ItemGroup>
  <ItemGroup>
    <ResourceCompile Include="ifastgui.rc">
      <Filter>Source Files</Filter>
    </ResourceCompile>
  </ItemGroup>
  <ItemGroup>
    <ClInclude Include="AboutDlg.h">
      <Filter>Header Files</Filter>
    </ClInclude>
    <ClInclude Include="ACBDlg.h">
      <Filter>Header Files</Filter>
    </ClInclude>
    <ClInclude Include="AccDistributionDlg.h">
      <Filter>Header Files</Filter>
    </ClInclude>
    <ClInclude Include="AccInfoDlg.h">
      <Filter>Header Files</Filter>
    </ClInclude>
    <ClInclude Include="AccountCommitmentDlg.h">
      <Filter>Header Files</Filter>
    </ClInclude>
    <ClInclude Include="AccountContractDlg.h">
      <Filter>Header Files</Filter>
    </ClInclude>
    <ClInclude Include="AccountDetailsDlg.h">
      <Filter>Header Files</Filter>
    </ClInclude>
    <ClInclude Include="AccountRegDetailsDlg.h">
      <Filter>Header Files</Filter>
    </ClInclude>
    <ClInclude Include="AccountReviewDlg.h">
      <Filter>Header Files</Filter>
    </ClInclude>
    <ClInclude Include="AccrualsDlg.h">
      <Filter>Header Files</Filter>
    </ClInclude>
    <ClInclude Include="AcctCategoryDlg.hpp">
      <Filter>Header Files</Filter>
    </ClInclude>
    <ClInclude Include="AcctCutOffTimesDlg.h">
      <Filter>Header Files</Filter>
    </ClInclude>
    <ClInclude Include="AcctGuaranteeGuardOptDlg.h">
      <Filter>Header Files</Filter>
    </ClInclude>
    <ClInclude Include="AcctSettlementInstrDlg.h">
      <Filter>Header Files</Filter>
    </ClInclude>
    <ClInclude Include="AcctSettlementRuleDlg.h">
      <Filter>Header Files</Filter>
    </ClInclude>
    <ClInclude Include="AcctSplitCommDlg.h">
      <Filter>Header Files</Filter>
    </ClInclude>
    <ClInclude Include="AddressBookDlg.h">
      <Filter>Header Files</Filter>
    </ClInclude>
    <ClInclude Include="AddrTaxJurisUpdateDlg.h">
      <Filter>Header Files</Filter>
    </ClInclude>
    <ClInclude Include="AdminDatesDialog.h">
      <Filter>Header Files</Filter>
    </ClInclude>
    <ClInclude Include="AggregatedOrderDlg.h">
      <Filter>Header Files</Filter>
    </ClInclude>
    <ClInclude Include="AllocationsDlg.h">
      <Filter>Header Files</Filter>
    </ClInclude>
    <ClInclude Include="AllocationsHelper.h">
      <Filter>Header Files</Filter>
    </ClInclude>
    <ClInclude Include="AMSAcctLvlDlg.h">
      <Filter>Header Files</Filter>
    </ClInclude>
    <ClInclude Include="amsbrklvldlg.h">
      <Filter>Header Files</Filter>
    </ClInclude>
    <ClInclude Include="AmsLmtOverrideDlg.h">
      <Filter>Header Files</Filter>
    </ClInclude>
    <ClInclude Include="AmsMstrDlg.h">
      <Filter>Header Files</Filter>
    </ClInclude>
    <ClInclude Include="animation.h">
      <Filter>Header Files</Filter>
    </ClInclude>
    <ClInclude Include="AsPensionPlanDlg.h">
      <Filter>Header Files</Filter>
    </ClInclude>
    <ClInclude Include="AWDCommon.hpp">
      <Filter>Header Files</Filter>
    </ClInclude>
    <ClInclude Include="BankInstructionsDlg.h">
      <Filter>Header Files</Filter>
    </ClInclude>
    <ClInclude Include="BaseAccountDetailsDlg.h">
      <Filter>Header Files</Filter>
    </ClInclude>
    <ClInclude Include="BaseAddressBookDlg.h">
      <Filter>Header Files</Filter>
    </ClInclude>
    <ClInclude Include="BaseAllocationDlg.h">
      <Filter>Header Files</Filter>
    </ClInclude>
    <ClInclude Include="BaseMainDlg.h">
      <Filter>Header Files</Filter>
    </ClInclude>
    <ClInclude Include="BatchDlg.h">
      <Filter>Header Files</Filter>
    </ClInclude>
    <ClInclude Include="BranchListDlg.h">
      <Filter>Header Files</Filter>
    </ClInclude>
    <ClInclude Include="BrokerAddressDlg.h">
      <Filter>Header Files</Filter>
    </ClInclude>
    <ClInclude Include="BrokerListDlg.h">
      <Filter>Header Files</Filter>
    </ClInclude>
    <ClInclude Include="BrowserLaunch.h">
      <Filter>Header Files</Filter>
    </ClInclude>
    <ClInclude Include="BusInfoDlg.h">
      <Filter>Header Files</Filter>
    </ClInclude>
    <ClInclude Include="CanAccountDetailsDlg.h">
      <Filter>Header Files</Filter>
    </ClInclude>
    <ClInclude Include="CanAddressBookDlg.h">
      <Filter>Header Files</Filter>
    </ClInclude>
    <ClInclude Include="CanAddressBookF02Dlg.hpp">
      <Filter>Header Files</Filter>
    </ClInclude>
    <ClInclude Include="CancellationInstrDlg.h">
      <Filter>Header Files</Filter>
    </ClInclude>
    <ClInclude Include="CertificateDlg.h">
      <Filter>Header Files</Filter>
    </ClInclude>
    <ClInclude Include="ChequeDlg.h">
      <Filter>Header Files</Filter>
    </ClInclude>
    <ClInclude Include="CloneAccountDlg.h">
      <Filter>Header Files</Filter>
    </ClInclude>
    <ClInclude Include="CMEdit.h">
      <Filter>Header Files</Filter>
    </ClInclude>
    <ClInclude Include="COADlg.h">
      <Filter>Header Files</Filter>
    </ClInclude>
    <ClInclude Include="ConfigSelectionDlg.h">
      <Filter>Header Files</Filter>
    </ClInclude>
    <ClInclude Include="ConfigurationConstants.h">
      <Filter>Header Files</Filter>
    </ClInclude>
    <ClInclude Include="ConfirmationDlg.h">
      <Filter>Header Files</Filter>
    </ClInclude>
    <ClInclude Include="ConfirmReprintDlg.h">
      <Filter>Header Files</Filter>
    </ClInclude>
    <ClInclude Include="contractinfodlg.h">
      <Filter>Header Files</Filter>
    </ClInclude>
    <ClInclude Include="ContractMaturityInstructionDlg.h">
      <Filter>Header Files</Filter>
    </ClInclude>
    <ClInclude Include="DailyTransactionFeesDlg.h">
      <Filter>Header Files</Filter>
    </ClInclude>
    <ClInclude Include="DemographicsDlg.h">
      <Filter>Header Files</Filter>
    </ClInclude>
    <ClInclude Include="DilutionDlg.h">
      <Filter>Header Files</Filter>
    </ClInclude>
    <ClInclude Include="DirectTradingDlg.h">
      <Filter>Header Files</Filter>
    </ClInclude>
    <ClInclude Include="DiscardMsgDlg.h">
      <Filter>Header Files</Filter>
    </ClInclude>
    <ClInclude Include="DocumentListDlg.h">
      <Filter>Header Files</Filter>
    </ClInclude>
    <ClInclude Include="DSTCCommandLineInfo.h">
      <Filter>Header Files</Filter>
    </ClInclude>
    <ClInclude Include="dstcview.h">
      <Filter>Header Files</Filter>
    </ClInclude>
    <ClInclude Include="EnCorrMgr.hpp">
      <Filter>Header Files</Filter>
    </ClInclude>
    <ClInclude Include="EntityAddressSearchDlg.h">
      <Filter>Header Files</Filter>
    </ClInclude>
    <ClInclude Include="EntityAloneDlg.h">
      <Filter>Header Files</Filter>
    </ClInclude>
    <ClInclude Include="EntityMaintenanceDlg.h">
      <Filter>Header Files</Filter>
    </ClInclude>
    <ClInclude Include="EsopHistoricalDlg.h">
      <Filter>Header Files</Filter>
    </ClInclude>
    <ClInclude Include="ESoPInfoDlg.h">
      <Filter>Header Files</Filter>
    </ClInclude>
    <ClInclude Include="EstateAllocationDlg.h">
      <Filter>Header Files</Filter>
    </ClInclude>
    <ClInclude Include="EStatementDlg.h">
      <Filter>Header Files</Filter>
    </ClInclude>
    <ClInclude Include="FeaturesSearchDlg.h">
      <Filter>Header Files</Filter>
    </ClInclude>
    <ClInclude Include="FeeModelDlg.h">
      <Filter>Header Files</Filter>
    </ClInclude>
    <ClInclude Include="FeeParamDlg.h">
      <Filter>Header Files</Filter>
    </ClInclude>
    <ClInclude Include="FeeParamMaintDlg.h">
      <Filter>Header Files</Filter>
    </ClInclude>
    <ClInclude Include="FeeParamSysDlg.h">
      <Filter>Header Files</Filter>
    </ClInclude>
    <ClInclude Include="FileInquiryDlg.h">
      <Filter>Header Files</Filter>
    </ClInclude>
    <ClInclude Include="FileSearchDlg.h">
      <Filter>Header Files</Filter>
    </ClInclude>
    <ClInclude Include="FinancialInstitutionDlg.h">
      <Filter>Header Files</Filter>
    </ClInclude>
    <ClInclude Include="FinancialInstitutionSearchDlg.h">
      <Filter>Header Files</Filter>
    </ClInclude>
    <ClInclude Include="FireFighterLogonDlg.hpp">
      <Filter>Header Files</Filter>
    </ClInclude>
    <ClInclude Include="font.h">
      <Filter>Header Files</Filter>
    </ClInclude>
    <ClInclude Include="font1.h">
      <Filter>Header Files</Filter>
    </ClInclude>
    <ClInclude Include="ForeignContentWorksheetDlg.h">
      <Filter>Header Files</Filter>
    </ClInclude>
    <ClInclude Include="FormsMgr.hpp">
      <Filter>Header Files</Filter>
    </ClInclude>
    <ClInclude Include="FreeUnitDlg.h">
      <Filter>Header Files</Filter>
    </ClInclude>
    <ClInclude Include="FromToAllocationDlg.h">
      <Filter>Header Files</Filter>
    </ClInclude>
    <ClInclude Include="FTPConnection.hpp">
      <Filter>Header Files</Filter>
    </ClInclude>
    <ClInclude Include="FTPLogonDlg.h">
      <Filter>Header Files</Filter>
    </ClInclude>
    <ClInclude Include="FundBrokerDlg.h">
      <Filter>Header Files</Filter>
    </ClInclude>
    <ClInclude Include="FundBrokerSettlementInstrDlg.h">
      <Filter>Header Files</Filter>
    </ClInclude>
    <ClInclude Include="FundClassDlg.h">
      <Filter>Header Files</Filter>
    </ClInclude>
    <ClInclude Include="FundFactorsDlg.h">
      <Filter>Header Files</Filter>
    </ClInclude>
    <ClInclude Include="FundGroupDlg.h">
      <Filter>Header Files</Filter>
    </ClInclude>
    <ClInclude Include="FundInfoDlg.h">
      <Filter>Header Files</Filter>
    </ClInclude>
    <ClInclude Include="FundSponsorFeeModelDlg.h">
      <Filter>Header Files</Filter>
    </ClInclude>
    <ClInclude Include="GIAInvAttribDlg.h">
      <Filter>Header Files</Filter>
    </ClInclude>
    <ClInclude Include="GIInvestmentDetailsDlg.h">
      <Filter>Header Files</Filter>
    </ClInclude>
    <ClInclude Include="GuaranteeInfoDlg.h">
      <Filter>Header Files</Filter>
    </ClInclude>
    <ClInclude Include="GuiConfig.h">
      <Filter>Header Files</Filter>
    </ClInclude>
    <ClInclude Include="HistoricalAccountDlg.h">
      <Filter>Header Files</Filter>
    </ClInclude>
    <ClInclude Include="HistoricalDlg.hpp">
      <Filter>Header Files</Filter>
    </ClInclude>
    <ClInclude Include="HistoricalInfoSearchDlg.hpp">
      <Filter>Header Files</Filter>
    </ClInclude>
    <ClInclude Include="HistoricalMarketValueDlg.h">
      <Filter>Header Files</Filter>
    </ClInclude>
    <ClInclude Include="HistoricalSystematicIndexDlg.h">
      <Filter>Header Files</Filter>
    </ClInclude>
    <ClInclude Include="HoldingCompDlg.h">
      <Filter>Header Files</Filter>
    </ClInclude>
    <ClInclude Include="HtmlTagsNAttributes.h">
      <Filter>Header Files</Filter>
    </ClInclude>
    <ClInclude Include="HypoRedDlg.h">
      <Filter>Header Files</Filter>
    </ClInclude>
    <ClInclude Include="IdCallerDlg.h">
      <Filter>Header Files</Filter>
    </ClInclude>
    <ClInclude Include="IdentAccDlg.h">
      <Filter>Header Files</Filter>
    </ClInclude>
    <ClInclude Include="IFastBaseMainDlg.hpp">
      <Filter>Header Files</Filter>
    </ClInclude>
    <ClInclude Include="ifastgui_global.hpp">
      <Filter>Header Files</Filter>
    </ClInclude>
    <ClInclude Include="iFASTLogFile.hpp">
      <Filter>Header Files</Filter>
    </ClInclude>
    <ClInclude Include="InterestSegmentDlg.h">
      <Filter>Header Files</Filter>
    </ClInclude>
    <ClInclude Include="InvDetlDeductionDlg.h">
      <Filter>Header Files</Filter>
    </ClInclude>
    <ClInclude Include="InventorySummaryDlg.h">
      <Filter>Header Files</Filter>
    </ClInclude>
    <ClInclude Include="InvestmentHistoryDlg.h">
      <Filter>Header Files</Filter>
    </ClInclude>
    <ClInclude Include="InvestorAuthorizationDlg.h">
      <Filter>Header Files</Filter>
    </ClInclude>
    <ClInclude Include="KYCBrokerDlg.h">
      <Filter>Header Files</Filter>
    </ClInclude>
    <ClInclude Include="ListSelectionDlg.h">
      <Filter>Header Files</Filter>
    </ClInclude>
    <ClInclude Include="LogonDlg.h">
      <Filter>Header Files</Filter>
    </ClInclude>
    <ClInclude Include="MainFrm.h">
      <Filter>Header Files</Filter>
    </ClInclude>
    <ClInclude Include="ManagementCompanyDlg.h">
      <Filter>Header Files</Filter>
    </ClInclude>
    <ClInclude Include="ManualDividendDlg.h">
      <Filter>Header Files</Filter>
    </ClInclude>
    <ClInclude Include="MatchTransferDlg.h">
      <Filter>Header Files</Filter>
    </ClInclude>
    <ClInclude Include="MatSweepInstructionsListDlg.h">
      <Filter>Header Files</Filter>
    </ClInclude>
    <ClInclude Include="MFDSTC.h">
      <Filter>Header Files</Filter>
    </ClInclude>
    <ClInclude Include="MFDSTCDDEServer.h">
      <Filter>Header Files</Filter>
    </ClInclude>
    <ClInclude Include="MFDSTCSetup.hpp">
      <Filter>Header Files</Filter>
    </ClInclude>
    <ClInclude Include="MgmtDetailsDlg.h">
      <Filter>Header Files</Filter>
    </ClInclude>
    <ClInclude Include="MinMaxInfoDlg.h">
      <Filter>Header Files</Filter>
    </ClInclude>
    <ClInclude Include="MktIndexMasterMaintDlg.h">
      <Filter>Header Files</Filter>
    </ClInclude>
    <ClInclude Include="MktIndexValuesMaintDlg.h">
      <Filter>Header Files</Filter>
    </ClInclude>
    <ClInclude Include="MsgDetailDlg.h">
      <Filter>Header Files</Filter>
    </ClInclude>
    <ClInclude Include="MsgDlg.h">
      <Filter>Header Files</Filter>
    </ClInclude>
    <ClInclude Include="MsgSearchDlg.h">
      <Filter>Header Files</Filter>
    </ClInclude>
    <ClInclude Include="msmask.h">
      <Filter>Header Files</Filter>
    </ClInclude>
    <ClInclude Include="MultiFundAllocationDlg.h">
      <Filter>Header Files</Filter>
    </ClInclude>
    <ClInclude Include="OPCConfirmReprintDlg.h">
      <Filter>Header Files</Filter>
    </ClInclude>
    <ClInclude Include="PaymentDlg.h">
      <Filter>Header Files</Filter>
    </ClInclude>
    <ClInclude Include="PaymentInstructionsDlg.h">
      <Filter>Header Files</Filter>
    </ClInclude>
    <ClInclude Include="PayToEntityDlg.h">
      <Filter>Header Files</Filter>
    </ClInclude>
    <ClInclude Include="PensionInfoDlg.h">
      <Filter>Header Files</Filter>
    </ClInclude>
    <ClInclude Include="picture1.h">
      <Filter>Header Files</Filter>
    </ClInclude>
    <ClInclude Include="PrinterDlg.h">
      <Filter>Header Files</Filter>
    </ClInclude>
    <ClInclude Include="ProgressCtrlDlg.h">
      <Filter>Header Files</Filter>
    </ClInclude>
    <ClInclude Include="ProgressiveIntRateDlg.h">
      <Filter>Header Files</Filter>
    </ClInclude>
    <ClInclude Include="ProtectedFundSetupDlg.hpp">
      <Filter>Header Files</Filter>
    </ClInclude>
    <ClInclude Include="PSEEAPDlg.h">
      <Filter>Header Files</Filter>
    </ClInclude>
    <ClInclude Include="RebookParamDlg.h">
      <Filter>Header Files</Filter>
    </ClInclude>
    <ClInclude Include="RemarksDlg.h">
      <Filter>Header Files</Filter>
    </ClInclude>
    <ClInclude Include="ReportDlg.h">
      <Filter>Header Files</Filter>
    </ClInclude>
    <ClInclude Include="ReportStatusDlg.h">
      <Filter>Header Files</Filter>
    </ClInclude>
    <ClInclude Include="ReportViewDlg.h">
      <Filter>Header Files</Filter>
    </ClInclude>
    <ClInclude Include="ResetInstrDlg.h">
      <Filter>Header Files</Filter>
    </ClInclude>
    <ClInclude Include="..\resource.h">
      <Filter>Header Files</Filter>
    </ClInclude>
    <ClInclude Include="resource.h">
      <Filter>Header Files</Filter>
    </ClInclude>
    <ClInclude Include="RESPAcctInfoDlg.h">
      <Filter>Header Files</Filter>
    </ClInclude>
    <ClInclude Include="RESPBeneficiaryAllocationDlg.h">
      <Filter>Header Files</Filter>
    </ClInclude>
    <ClInclude Include="RespBenRelDlg.h">
      <Filter>Header Files</Filter>
    </ClInclude>
    <ClInclude Include="RESPInfoDlg.h">
      <Filter>Header Files</Filter>
    </ClInclude>
    <ClInclude Include="RESPTransactionsDlg.h">
      <Filter>Header Files</Filter>
    </ClInclude>
    <ClInclude Include="RESPTransfersDlg.h">
      <Filter>Header Files</Filter>
    </ClInclude>
    <ClInclude Include="RoadComMgr.hpp">
      <Filter>Header Files</Filter>
    </ClInclude>
    <ClInclude Include="RoadEncorr.h">
      <Filter>Header Files</Filter>
    </ClInclude>
    <ClInclude Include="RRIF_LIF_LRIF_InfoDlg.h">
      <Filter>Header Files</Filter>
    </ClInclude>
    <ClInclude Include="SavingsDirectiveDlg.h">
      <Filter>Header Files</Filter>
    </ClInclude>
    <ClInclude Include="SelectAddressDlg.h">
      <Filter>Header Files</Filter>
    </ClInclude>
    <ClInclude Include="SettlementDlg.h">
      <Filter>Header Files</Filter>
    </ClInclude>
    <ClInclude Include="SettlementInstrDlg.h">
      <Filter>Header Files</Filter>
    </ClInclude>
    <ClInclude Include="ShareholderDlg.h">
      <Filter>Header Files</Filter>
    </ClInclude>
    <ClInclude Include="ShrFamilyDlg.hpp">
      <Filter>Header Files</Filter>
    </ClInclude>
    <ClInclude Include="ShrFundBrokerDlg.h">
      <Filter>Header Files</Filter>
    </ClInclude>
    <ClInclude Include="ShrFundSponsorAgreementDlg.h">
      <Filter>Header Files</Filter>
    </ClInclude>
    <ClInclude Include="SiteConfig.h">
      <Filter>Header Files</Filter>
    </ClInclude>
    <ClInclude Include="SlsRepListDlg.h">
      <Filter>Header Files</Filter>
    </ClInclude>
    <ClInclude Include="Splash.h">
      <Filter>Header Files</Filter>
    </ClInclude>
    <ClInclude Include="SplitCommissionsDlg.h">
      <Filter>Header Files</Filter>
    </ClInclude>
    <ClInclude Include="stdafx.h">
      <Filter>Header Files</Filter>
    </ClInclude>
    <ClInclude Include="stddde.h">
      <Filter>Header Files</Filter>
    </ClInclude>
    <ClInclude Include="SysIndexDlg.h">
      <Filter>Header Files</Filter>
    </ClInclude>
    <ClInclude Include="SysLvlSettlementInstrDlg.h">
      <Filter>Header Files</Filter>
    </ClInclude>
    <ClInclude Include="SystematicDlg.h">
      <Filter>Header Files</Filter>
    </ClInclude>
    <ClInclude Include="SystematicFeeDlg.h">
      <Filter>Header Files</Filter>
    </ClInclude>
    <ClInclude Include="TaxExemptAuthorizationDlg.h">
      <Filter>Header Files</Filter>
    </ClInclude>
    <ClInclude Include="TaxRatesDlg.h">
      <Filter>Header Files</Filter>
    </ClInclude>
    <ClInclude Include="TEventHandler.h">
      <Filter>Header Files</Filter>
    </ClInclude>
    <ClInclude Include="TradeAuthorizationDlg.h">
      <Filter>Header Files</Filter>
    </ClInclude>
    <ClInclude Include="TradePayInstructDlg.h">
      <Filter>Header Files</Filter>
    </ClInclude>
    <ClInclude Include="TradesDlg.h">
      <Filter>Header Files</Filter>
    </ClInclude>
    <ClInclude Include="TradeSearchDlg.h">
      <Filter>Header Files</Filter>
    </ClInclude>
    <ClInclude Include="TradeSettlementLocationsDlg.h">
      <Filter>Header Files</Filter>
    </ClInclude>
    <ClInclude Include="TransactionAllocationsDlg.h">
      <Filter>Header Files</Filter>
    </ClInclude>
    <ClInclude Include="TransactionExternalLinksDlg.h">
      <Filter>Header Files</Filter>
    </ClInclude>
    <ClInclude Include="TransactionHistoryDeductDetailDlg.h">
      <Filter>Header Files</Filter>
    </ClInclude>
    <ClInclude Include="TransactionHistoryDlg.h">
      <Filter>Header Files</Filter>
    </ClInclude>
    <ClInclude Include="TransactionLinkDlg.h">
      <Filter>Header Files</Filter>
    </ClInclude>
    <ClInclude Include="TransCancellationDlg.h">
      <Filter>Header Files</Filter>
    </ClInclude>
    <ClInclude Include="TransitsDlg.h">
      <Filter>Header Files</Filter>
    </ClInclude>
    <ClInclude Include="TransSettlementInstrDlg.h">
      <Filter>Header Files</Filter>
    </ClInclude>
    <ClInclude Include="UserDefMatDlg.h">
      <Filter>Header Files</Filter>
    </ClInclude>
    <ClInclude Include="ValueVariationDlg.h">
      <Filter>Header Files</Filter>
    </ClInclude>
    <ClInclude Include="VerifySearchDlg.h">
      <Filter>Header Files</Filter>
    </ClInclude>
    <ClInclude Include="VersionInfo.h">
      <Filter>Header Files</Filter>
    </ClInclude>
    <ClInclude Include="webbrowser.h">
      <Filter>Header Files</Filter>
    </ClInclude>
    <ClInclude Include="WhereUsedDlg.h">
      <Filter>Header Files</Filter>
    </ClInclude>
    <ClInclude Include="WorkEvent.h">
      <Filter>Header Files</Filter>
    </ClInclude>
    <ClInclude Include="WorkEventAgent.h">
      <Filter>Header Files</Filter>
    </ClInclude>
    <ClInclude Include="YTDContributionDlg.h">
      <Filter>Header Files</Filter>
    </ClInclude>
    <ClInclude Include="AWDHistoryDialog.h">
      <Filter>Header Files</Filter>
    </ClInclude>
    <ClInclude Include="TradeVerificationDlg.h">
      <Filter>Header Files</Filter>
    </ClInclude>
    <ClInclude Include="SourceOfFundCheckedDlg.h">
      <Filter>Header Files</Filter>
    </ClInclude>
    <ClInclude Include="FeeModelCopyToGroupDlg.h">
      <Filter>Header Files</Filter>
    </ClInclude>
    <ClInclude Include="EntityRegDetailsDlg.h">
      <Filter>Header Files</Filter>
    </ClInclude>
    <ClInclude Include="RESPTransformationTransfersDlg.h">
      <Filter>Header Files</Filter>
    </ClInclude>
    <ClInclude Include="AlertMessagesDlg.h">
      <Filter>Header Files</Filter>
    </ClInclude>
    <ClInclude Include="ExternalInstitutionSearchDlg.h">
      <Filter>Header Files</Filter>
    </ClInclude>
    <ClInclude Include="RegPlanTransferDlg.h">
      <Filter>Header Files</Filter>
    </ClInclude>
    <ClInclude Include="RegPlanTransferSearchDlg.h">
      <Filter>Header Files</Filter>
    </ClInclude>
    <ClInclude Include="AcctRoundingRuleDlg.h">
      <Filter>Header Files</Filter>
    </ClInclude>
    <ClInclude Include="PriceAdditionalDlg.h">
      <Filter>Header Files</Filter>
    </ClInclude>
    <ClInclude Include="AMSHypoAllocDlg.h">
      <Filter>Header Files</Filter>
    </ClInclude>
    <ClInclude Include="SonicWorkEventAgent.h">
      <Filter>Header Files</Filter>
    </ClInclude>
    <ClInclude Include="SonicWorkEvent.h">
      <Filter>Header Files</Filter>
    </ClInclude>
    <ClInclude Include="ActiveMQWorkEventAgent.h">
      <Filter>Header Files</Filter>
    </ClInclude>
    <ClInclude Include="ActiveMQWorkEvent.h">
      <Filter>Header Files</Filter>
    </ClInclude>
    <ClInclude Include="AWDHistoryBrowserDialog.h">
      <Filter>Header Files</Filter>
    </ClInclude>
    <ClInclude Include="AMSDeltaAllocDlg.h">
      <Filter>Header Files</Filter>
    </ClInclude>
    <ClInclude Include="RDSPTransfersDlg.h">
      <Filter>Header Files</Filter>
    </ClInclude>
  </ItemGroup>
  <ItemGroup>
    <None Include="cursor1.cur">
      <Filter>Resource Files</Filter>
    </None>
  </ItemGroup>
  <ItemGroup>
    <Image Include="icon1.ico">
      <Filter>Resource Files</Filter>
    </Image>
    <Image Include="question.ico">
      <Filter>Resource Files</Filter>
    </Image>
    <Image Include="Road.ico">
      <Filter>Resource Files</Filter>
    </Image>
    <Image Include="RoadDoc.ico">
      <Filter>Resource Files</Filter>
    </Image>
    <Image Include="Splash.bmp">
      <Filter>Resource Files</Filter>
    </Image>
  </ItemGroup>
</Project>